// !$*UTF8*$!
{
	archiveVersion = 1;
	classes = {
	};
	objectVersion = 50;
	objects = {

/* Begin PBXBuildFile section */
		FA810C4A2513980700A1C7D8 /* AppDelegate.swift in Sources */ = {isa = PBXBuildFile; fileRef = FA810C492513980700A1C7D8 /* AppDelegate.swift */; };
		FA810C4C2513980700A1C7D8 /* SceneDelegate.swift in Sources */ = {isa = PBXBuildFile; fileRef = FA810C4B2513980700A1C7D8 /* SceneDelegate.swift */; };
		FA810C4E2513980700A1C7D8 /* ViewController.swift in Sources */ = {isa = PBXBuildFile; fileRef = FA810C4D2513980700A1C7D8 /* ViewController.swift */; };
		FA810C512513980700A1C7D8 /* Main.storyboard in Resources */ = {isa = PBXBuildFile; fileRef = FA810C4F2513980700A1C7D8 /* Main.storyboard */; };
		FA810C532513980B00A1C7D8 /* Assets.xcassets in Resources */ = {isa = PBXBuildFile; fileRef = FA810C522513980B00A1C7D8 /* Assets.xcassets */; };
		FA810C562513980B00A1C7D8 /* LaunchScreen.storyboard in Resources */ = {isa = PBXBuildFile; fileRef = FA810C542513980B00A1C7D8 /* LaunchScreen.storyboard */; };
		FA810C5E25139D2F00A1C7D8 /* CustomCollectionViewCell.swift in Sources */ = {isa = PBXBuildFile; fileRef = FA810C5D25139D2F00A1C7D8 /* CustomCollectionViewCell.swift */; };
/* End PBXBuildFile section */

/* Begin PBXFileReference section */
		FA810C462513980700A1C7D8 /* CollectionViewCustomCell.app */ = {isa = PBXFileReference; explicitFileType = wrapper.application; includeInIndex = 0; path = CollectionViewCustomCell.app; sourceTree = BUILT_PRODUCTS_DIR; };
		FA810C492513980700A1C7D8 /* AppDelegate.swift */ = {isa = PBXFileReference; lastKnownFileType = sourcecode.swift; path = AppDelegate.swift; sourceTree = "<group>"; };
		FA810C4B2513980700A1C7D8 /* SceneDelegate.swift */ = {isa = PBXFileReference; lastKnownFileType = sourcecode.swift; path = SceneDelegate.swift; sourceTree = "<group>"; };
		FA810C4D2513980700A1C7D8 /* ViewController.swift */ = {isa = PBXFileReference; lastKnownFileType = sourcecode.swift; path = ViewController.swift; sourceTree = "<group>"; };
		FA810C502513980700A1C7D8 /* Base */ = {isa = PBXFileReference; lastKnownFileType = file.storyboard; name = Base; path = Base.lproj/Main.storyboard; sourceTree = "<group>"; };
		FA810C522513980B00A1C7D8 /* Assets.xcassets */ = {isa = PBXFileReference; lastKnownFileType = folder.assetcatalog; path = Assets.xcassets; sourceTree = "<group>"; };
		FA810C552513980B00A1C7D8 /* Base */ = {isa = PBXFileReference; lastKnownFileType = file.storyboard; name = Base; path = Base.lproj/LaunchScreen.storyboard; sourceTree = "<group>"; };
		FA810C572513980B00A1C7D8 /* Info.plist */ = {isa = PBXFileReference; lastKnownFileType = text.plist.xml; path = Info.plist; sourceTree = "<group>"; };
		FA810C5D25139D2F00A1C7D8 /* CustomCollectionViewCell.swift */ = {isa = PBXFileReference; lastKnownFileType = sourcecode.swift; path = CustomCollectionViewCell.swift; sourceTree = "<group>"; };
/* End PBXFileReference section */

/* Begin PBXFrameworksBuildPhase section */
		FA810C432513980700A1C7D8 /* Frameworks */ = {
			isa = PBXFrameworksBuildPhase;
			buildActionMask = 2147483647;
			files = (
			);
			runOnlyForDeploymentPostprocessing = 0;
		};
/* End PBXFrameworksBuildPhase section */

/* Begin PBXGroup section */
		FA810C3D2513980700A1C7D8 = {
			isa = PBXGroup;
			children = (
				FA810C482513980700A1C7D8 /* CollectionViewCustomCell */,
				FA810C472513980700A1C7D8 /* Products */,
			);
			sourceTree = "<group>";
		};
		FA810C472513980700A1C7D8 /* Products */ = {
			isa = PBXGroup;
			children = (
				FA810C462513980700A1C7D8 /* CollectionViewCustomCell.app */,
			);
			name = Products;
			sourceTree = "<group>";
		};
		FA810C482513980700A1C7D8 /* CollectionViewCustomCell */ = {
			isa = PBXGroup;
			children = (
				FA810C492513980700A1C7D8 /* AppDelegate.swift */,
				FA810C4B2513980700A1C7D8 /* SceneDelegate.swift */,
				FA810C4D2513980700A1C7D8 /* ViewController.swift */,
				FA810C5D25139D2F00A1C7D8 /* CustomCollectionViewCell.swift */,
				FA810C4F2513980700A1C7D8 /* Main.storyboard */,
				FA810C522513980B00A1C7D8 /* Assets.xcassets */,
				FA810C542513980B00A1C7D8 /* LaunchScreen.storyboard */,
				FA810C572513980B00A1C7D8 /* Info.plist */,
			);
			path = CollectionViewCustomCell;
			sourceTree = "<group>";
		};
/* End PBXGroup section */

/* Begin PBXNativeTarget section */
		FA810C452513980700A1C7D8 /* CollectionViewCustomCell */ = {
			isa = PBXNativeTarget;
			buildConfigurationList = FA810C5A2513980B00A1C7D8 /* Build configuration list for PBXNativeTarget "CollectionViewCustomCell" */;
			buildPhases = (
				FA810C422513980700A1C7D8 /* Sources */,
				FA810C432513980700A1C7D8 /* Frameworks */,
				FA810C442513980700A1C7D8 /* Resources */,
			);
			buildRules = (
			);
			dependencies = (
			);
			name = CollectionViewCustomCell;
			productName = CollectionViewCustomCell;
			productReference = FA810C462513980700A1C7D8 /* CollectionViewCustomCell.app */;
			productType = "com.apple.product-type.application";
		};
/* End PBXNativeTarget section */

/* Begin PBXProject section */
		FA810C3E2513980700A1C7D8 /* Project object */ = {
			isa = PBXProject;
			attributes = {
				LastSwiftUpdateCheck = 1170;
				LastUpgradeCheck = 1170;
				ORGANIZATIONNAME = sapere4ude;
				TargetAttributes = {
					FA810C452513980700A1C7D8 = {
						CreatedOnToolsVersion = 11.7;
					};
				};
			};
			buildConfigurationList = FA810C412513980700A1C7D8 /* Build configuration list for PBXProject "CollectionViewCustomCell" */;
			compatibilityVersion = "Xcode 9.3";
			developmentRegion = en;
			hasScannedForEncodings = 0;
			knownRegions = (
				en,
				Base,
			);
			mainGroup = FA810C3D2513980700A1C7D8;
			productRefGroup = FA810C472513980700A1C7D8 /* Products */;
			projectDirPath = "";
			projectRoot = "";
			targets = (
				FA810C452513980700A1C7D8 /* CollectionViewCustomCell */,
			);
		};
/* End PBXProject section */

/* Begin PBXResourcesBuildPhase section */
		FA810C442513980700A1C7D8 /* Resources */ = {
			isa = PBXResourcesBuildPhase;
			buildActionMask = 2147483647;
			files = (
				FA810C562513980B00A1C7D8 /* LaunchScreen.storyboard in Resources */,
				FA810C532513980B00A1C7D8 /* Assets.xcassets in Resources */,
				FA810C512513980700A1C7D8 /* Main.storyboard in Resources */,
			);
			runOnlyForDeploymentPostprocessing = 0;
		};
/* End PBXResourcesBuildPhase section */

/* Begin PBXSourcesBuildPhase section */
		FA810C422513980700A1C7D8 /* Sources */ = {
			isa = PBXSourcesBuildPhase;
			buildActionMask = 2147483647;
			files = (
				FA810C4E2513980700A1C7D8 /* ViewController.swift in Sources */,
				FA810C4A2513980700A1C7D8 /* AppDelegate.swift in Sources */,
				FA810C4C2513980700A1C7D8 /* SceneDelegate.swift in Sources */,
				FA810C5E25139D2F00A1C7D8 /* CustomCollectionViewCell.swift in Sources */,
			);
			runOnlyForDeploymentPostprocessing = 0;
		};
/* End PBXSourcesBuildPhase section */

/* Begin PBXVariantGroup section */
		FA810C4F2513980700A1C7D8 /* Main.storyboard */ = {
			isa = PBXVariantGroup;
			children = (
				FA810C502513980700A1C7D8 /* Base */,
			);
			name = Main.storyboard;
			sourceTree = "<group>";
		};
		FA810C542513980B00A1C7D8 /* LaunchScreen.storyboard */ = {
			isa = PBXVariantGroup;
			children = (
				FA810C552513980B00A1C7D8 /* Base */,
			);
			name = LaunchScreen.storyboard;
			sourceTree = "<group>";
		};
/* End PBXVariantGroup section */

/* Begin XCBuildConfiguration section */
		FA810C582513980B00A1C7D8 /* Debug */ = {
			isa = XCBuildConfiguration;
			buildSettings = {
				ALWAYS_SEARCH_USER_PATHS = NO;
				CLANG_ANALYZER_NONNULL = YES;
				CLANG_ANALYZER_NUMBER_OBJECT_CONVERSION = YES_AGGRESSIVE;
				CLANG_CXX_LANGUAGE_STANDARD = "gnu++14";
				CLANG_CXX_LIBRARY = "libc++";
				CLANG_ENABLE_MODULES = YES;
				CLANG_ENABLE_OBJC_ARC = YES;
				CLANG_ENABLE_OBJC_WEAK = YES;
				CLANG_WARN_BLOCK_CAPTURE_AUTORELEASING = YES;
				CLANG_WARN_BOOL_CONVERSION = YES;
				CLANG_WARN_COMMA = YES;
				CLANG_WARN_CONSTANT_CONVERSION = YES;
				CLANG_WARN_DEPRECATED_OBJC_IMPLEMENTATIONS = YES;
				CLANG_WARN_DIRECT_OBJC_ISA_USAGE = YES_ERROR;
				CLANG_WARN_DOCUMENTATION_COMMENTS = YES;
				CLANG_WARN_EMPTY_BODY = YES;
				CLANG_WARN_ENUM_CONVERSION = YES;
				CLANG_WARN_INFINITE_RECURSION = YES;
				CLANG_WARN_INT_CONVERSION = YES;
				CLANG_WARN_NON_LITERAL_NULL_CONVERSION = YES;
				CLANG_WARN_OBJC_IMPLICIT_RETAIN_SELF = YES;
				CLANG_WARN_OBJC_LITERAL_CONVERSION = YES;
				CLANG_WARN_OBJC_ROOT_CLASS = YES_ERROR;
				CLANG_WARN_RANGE_LOOP_ANALYSIS = YES;
				CLANG_WARN_STRICT_PROTOTYPES = YES;
				CLANG_WARN_SUSPICIOUS_MOVE = YES;
				CLANG_WARN_UNGUARDED_AVAILABILITY = YES_AGGRESSIVE;
				CLANG_WARN_UNREACHABLE_CODE = YES;
				CLANG_WARN__DUPLICATE_METHOD_MATCH = YES;
				COPY_PHASE_STRIP = NO;
				DEBUG_INFORMATION_FORMAT = dwarf;
				ENABLE_STRICT_OBJC_MSGSEND = YES;
				ENABLE_TESTABILITY = YES;
				GCC_C_LANGUAGE_STANDARD = gnu11;
				GCC_DYNAMIC_NO_PIC = NO;
				GCC_NO_COMMON_BLOCKS = YES;
				GCC_OPTIMIZATION_LEVEL = 0;
				GCC_PREPROCESSOR_DEFINITIONS = (
					"DEBUG=1",
					"$(inherited)",
				);
				GCC_WARN_64_TO_32_BIT_CONVERSION = YES;
				GCC_WARN_ABOUT_RETURN_TYPE = YES_ERROR;
				GCC_WARN_UNDECLARED_SELECTOR = YES;
				GCC_WARN_UNINITIALIZED_AUTOS = YES_AGGRESSIVE;
				GCC_WARN_UNUSED_FUNCTION = YES;
				GCC_WARN_UNUSED_VARIABLE = YES;
				IPHONEOS_DEPLOYMENT_TARGET = 13.7;
				MTL_ENABLE_DEBUG_INFO = INCLUDE_SOURCE;
				MTL_FAST_MATH = YES;
				ONLY_ACTIVE_ARCH = YES;
				SDKROOT = iphoneos;
				SWIFT_ACTIVE_COMPILATION_CONDITIONS = DEBUG;
				SWIFT_OPTIMIZATION_LEVEL = "-Onone";
			};
			name = Debug;
		};
		FA810C592513980B00A1C7D8 /* Release */ = {
			isa = XCBuildConfiguration;
			buildSettings = {
				ALWAYS_SEARCH_USER_PATHS = NO;
				CLANG_ANALYZER_NONNULL = YES;
				CLANG_ANALYZER_NUMBER_OBJECT_CONVERSION = YES_AGGRESSIVE;
				CLANG_CXX_LANGUAGE_STANDARD = "gnu++14";
				CLANG_CXX_LIBRARY = "libc++";
				CLANG_ENABLE_MODULES = YES;
				CLANG_ENABLE_OBJC_ARC = YES;
				CLANG_ENABLE_OBJC_WEAK = YES;
				CLANG_WARN_BLOCK_CAPTURE_AUTORELEASING = YES;
				CLANG_WARN_BOOL_CONVERSION = YES;
				CLANG_WARN_COMMA = YES;
				CLANG_WARN_CONSTANT_CONVERSION = YES;
				CLANG_WARN_DEPRECATED_OBJC_IMPLEMENTATIONS = YES;
				CLANG_WARN_DIRECT_OBJC_ISA_USAGE = YES_ERROR;
				CLANG_WARN_DOCUMENTATION_COMMENTS = YES;
				CLANG_WARN_EMPTY_BODY = YES;
				CLANG_WARN_ENUM_CONVERSION = YES;
				CLANG_WARN_INFINITE_RECURSION = YES;
				CLANG_WARN_INT_CONVERSION = YES;
				CLANG_WARN_NON_LITERAL_NULL_CONVERSION = YES;
				CLANG_WARN_OBJC_IMPLICIT_RETAIN_SELF = YES;
				CLANG_WARN_OBJC_LITERAL_CONVERSION = YES;
				CLANG_WARN_OBJC_ROOT_CLASS = YES_ERROR;
				CLANG_WARN_RANGE_LOOP_ANALYSIS = YES;
				CLANG_WARN_STRICT_PROTOTYPES = YES;
				CLANG_WARN_SUSPICIOUS_MOVE = YES;
				CLANG_WARN_UNGUARDED_AVAILABILITY = YES_AGGRESSIVE;
				CLANG_WARN_UNREACHABLE_CODE = YES;
				CLANG_WARN__DUPLICATE_METHOD_MATCH = YES;
				COPY_PHASE_STRIP = NO;
				DEBUG_INFORMATION_FORMAT = "dwarf-with-dsym";
				ENABLE_NS_ASSERTIONS = NO;
				ENABLE_STRICT_OBJC_MSGSEND = YES;
				GCC_C_LANGUAGE_STANDARD = gnu11;
				GCC_NO_COMMON_BLOCKS = YES;
				GCC_WARN_64_TO_32_BIT_CONVERSION = YES;
				GCC_WARN_ABOUT_RETURN_TYPE = YES_ERROR;
				GCC_WARN_UNDECLARED_SELECTOR = YES;
				GCC_WARN_UNINITIALIZED_AUTOS = YES_AGGRESSIVE;
				GCC_WARN_UNUSED_FUNCTION = YES;
				GCC_WARN_UNUSED_VARIABLE = YES;
				IPHONEOS_DEPLOYMENT_TARGET = 13.7;
				MTL_ENABLE_DEBUG_INFO = NO;
				MTL_FAST_MATH = YES;
				SDKROOT = iphoneos;
				SWIFT_COMPILATION_MODE = wholemodule;
				SWIFT_OPTIMIZATION_LEVEL = "-O";
				VALIDATE_PRODUCT = YES;
			};
			name = Release;
		};
		FA810C5B2513980B00A1C7D8 /* Debug */ = {
			isa = XCBuildConfiguration;
			buildSettings = {
				ASSETCATALOG_COMPILER_APPICON_NAME = AppIcon;
				CODE_SIGN_STYLE = Automatic;
				INFOPLIST_FILE = CollectionViewCustomCell/Info.plist;
				LD_RUNPATH_SEARCH_PATHS = (
					"$(inherited)",
					"@executable_path/Frameworks",
				);
				PRODUCT_BUNDLE_IDENTIFIER = sapere4ude.CollectionViewCustomCell;
				PRODUCT_NAME = "$(TARGET_NAME)";
				SWIFT_VERSION = 5.0;
				TARGETED_DEVICE_FAMILY = "1,2";
			};
			name = Debug;
		};
		FA810C5C2513980B00A1C7D8 /* Release */ = {
			isa = XCBuildConfiguration;
			buildSettings = {
				ASSETCATALOG_COMPILER_APPICON_NAME = AppIcon;
				CODE_SIGN_STYLE = Automatic;
				INFOPLIST_FILE = CollectionViewCustomCell/Info.plist;
				LD_RUNPATH_SEARCH_PATHS = (
					"$(inherited)",
					"@executable_path/Frameworks",
				);
				PRODUCT_BUNDLE_IDENTIFIER = sapere4ude.CollectionViewCustomCell;
				PRODUCT_NAME = "$(TARGET_NAME)";
				SWIFT_VERSION = 5.0;
				TARGETED_DEVICE_FAMILY = "1,2";
			};
			name = Release;
		};
/* End XCBuildConfiguration section */

/* Begin XCConfigurationList section */
		FA810C412513980700A1C7D8 /* Build configuration list for PBXProject "CollectionViewCustomCell" */ = {
			isa = XCConfigurationList;
			buildConfigurations = (
				FA810C582513980B00A1C7D8 /* Debug */,
				FA810C592513980B00A1C7D8 /* Release */,
			);
			defaultConfigurationIsVisible = 0;
			defaultConfigurationName = Release;
		};
		FA810C5A2513980B00A1C7D8 /* Build configuration list for PBXNativeTarget "CollectionViewCustomCell" */ = {
			isa = XCConfigurationList;
			buildConfigurations = (
				FA810C5B2513980B00A1C7D8 /* Debug */,
				FA810C5C2513980B00A1C7D8 /* Release */,
			);
			defaultConfigurationIsVisible = 0;
			defaultConfigurationName = Release;
		};
/* End XCConfigurationList section */
	};
	rootObject = FA810C3E2513980700A1C7D8 /* Project object */;
}
