// !$*UTF8*$!
{
	archiveVersion = 1;
	classes = {
	};
	objectVersion = 50;
	objects = {

/* Begin PBXBuildFile section */
		43A22D19F2E5D8E474E64C44 /* Pods_Hwahae.framework in Frameworks */ = {isa = PBXBuildFile; fileRef = 6F30726DF737E8565DB5C554 /* Pods_Hwahae.framework */; };
		FA51181224DA79B000C07D66 /* GoogleService-Info.plist in Resources */ = {isa = PBXBuildFile; fileRef = FA51181124DA79B000C07D66 /* GoogleService-Info.plist */; };
		FA82466424D6CEEB004AAA98 /* AppDelegate.swift in Sources */ = {isa = PBXBuildFile; fileRef = FA82466324D6CEEB004AAA98 /* AppDelegate.swift */; };
		FA82466624D6CEEB004AAA98 /* SceneDelegate.swift in Sources */ = {isa = PBXBuildFile; fileRef = FA82466524D6CEEB004AAA98 /* SceneDelegate.swift */; };
		FA82466B24D6CEEB004AAA98 /* Main.storyboard in Resources */ = {isa = PBXBuildFile; fileRef = FA82466924D6CEEB004AAA98 /* Main.storyboard */; };
		FA82466D24D6CEED004AAA98 /* Assets.xcassets in Resources */ = {isa = PBXBuildFile; fileRef = FA82466C24D6CEED004AAA98 /* Assets.xcassets */; };
		FA82467024D6CEED004AAA98 /* LaunchScreen.storyboard in Resources */ = {isa = PBXBuildFile; fileRef = FA82466E24D6CEED004AAA98 /* LaunchScreen.storyboard */; };
		FA82467824D6E738004AAA98 /* RootPageControllerViewController.swift in Sources */ = {isa = PBXBuildFile; fileRef = FA82467724D6E738004AAA98 /* RootPageControllerViewController.swift */; };
		FAC986D424D7D73F00F88417 /* HomeViewController.swift in Sources */ = {isa = PBXBuildFile; fileRef = FAC986D324D7D73F00F88417 /* HomeViewController.swift */; };
		FAC986D624D7D74D00F88417 /* FindViewController.swift in Sources */ = {isa = PBXBuildFile; fileRef = FAC986D524D7D74D00F88417 /* FindViewController.swift */; };
		FAC986D824D7D75900F88417 /* ShoppingViewController.swift in Sources */ = {isa = PBXBuildFile; fileRef = FAC986D724D7D75900F88417 /* ShoppingViewController.swift */; };
		FAC986DA24D7D76200F88417 /* MyViewController.swift in Sources */ = {isa = PBXBuildFile; fileRef = FAC986D924D7D76200F88417 /* MyViewController.swift */; };
/* End PBXBuildFile section */

/* Begin PBXFileReference section */
		0A0235AB5D036035C9357AB2 /* Pods-Hwahae.debug.xcconfig */ = {isa = PBXFileReference; includeInIndex = 1; lastKnownFileType = text.xcconfig; name = "Pods-Hwahae.debug.xcconfig"; path = "Target Support Files/Pods-Hwahae/Pods-Hwahae.debug.xcconfig"; sourceTree = "<group>"; };
		6F30726DF737E8565DB5C554 /* Pods_Hwahae.framework */ = {isa = PBXFileReference; explicitFileType = wrapper.framework; includeInIndex = 0; path = Pods_Hwahae.framework; sourceTree = BUILT_PRODUCTS_DIR; };
		E50B5FCA16213D8943E0A370 /* Pods-Hwahae.release.xcconfig */ = {isa = PBXFileReference; includeInIndex = 1; lastKnownFileType = text.xcconfig; name = "Pods-Hwahae.release.xcconfig"; path = "Target Support Files/Pods-Hwahae/Pods-Hwahae.release.xcconfig"; sourceTree = "<group>"; };
		FA51181124DA79B000C07D66 /* GoogleService-Info.plist */ = {isa = PBXFileReference; fileEncoding = 4; lastKnownFileType = text.plist.xml; path = "GoogleService-Info.plist"; sourceTree = "<group>"; };
		FA82466024D6CEEB004AAA98 /* Hwahae.app */ = {isa = PBXFileReference; explicitFileType = wrapper.application; includeInIndex = 0; path = Hwahae.app; sourceTree = BUILT_PRODUCTS_DIR; };
		FA82466324D6CEEB004AAA98 /* AppDelegate.swift */ = {isa = PBXFileReference; lastKnownFileType = sourcecode.swift; path = AppDelegate.swift; sourceTree = "<group>"; };
		FA82466524D6CEEB004AAA98 /* SceneDelegate.swift */ = {isa = PBXFileReference; lastKnownFileType = sourcecode.swift; path = SceneDelegate.swift; sourceTree = "<group>"; };
		FA82466A24D6CEEB004AAA98 /* Base */ = {isa = PBXFileReference; lastKnownFileType = file.storyboard; name = Base; path = Base.lproj/Main.storyboard; sourceTree = "<group>"; };
		FA82466C24D6CEED004AAA98 /* Assets.xcassets */ = {isa = PBXFileReference; lastKnownFileType = folder.assetcatalog; path = Assets.xcassets; sourceTree = "<group>"; };
		FA82466F24D6CEED004AAA98 /* Base */ = {isa = PBXFileReference; lastKnownFileType = file.storyboard; name = Base; path = Base.lproj/LaunchScreen.storyboard; sourceTree = "<group>"; };
		FA82467124D6CEED004AAA98 /* Info.plist */ = {isa = PBXFileReference; lastKnownFileType = text.plist.xml; path = Info.plist; sourceTree = "<group>"; };
		FA82467724D6E738004AAA98 /* RootPageControllerViewController.swift */ = {isa = PBXFileReference; lastKnownFileType = sourcecode.swift; path = RootPageControllerViewController.swift; sourceTree = "<group>"; };
		FAC986D324D7D73F00F88417 /* HomeViewController.swift */ = {isa = PBXFileReference; lastKnownFileType = sourcecode.swift; path = HomeViewController.swift; sourceTree = "<group>"; };
		FAC986D524D7D74D00F88417 /* FindViewController.swift */ = {isa = PBXFileReference; lastKnownFileType = sourcecode.swift; path = FindViewController.swift; sourceTree = "<group>"; };
		FAC986D724D7D75900F88417 /* ShoppingViewController.swift */ = {isa = PBXFileReference; lastKnownFileType = sourcecode.swift; path = ShoppingViewController.swift; sourceTree = "<group>"; };
		FAC986D924D7D76200F88417 /* MyViewController.swift */ = {isa = PBXFileReference; lastKnownFileType = sourcecode.swift; path = MyViewController.swift; sourceTree = "<group>"; };
/* End PBXFileReference section */

/* Begin PBXFrameworksBuildPhase section */
		FA82465D24D6CEEB004AAA98 /* Frameworks */ = {
			isa = PBXFrameworksBuildPhase;
			buildActionMask = 2147483647;
			files = (
				43A22D19F2E5D8E474E64C44 /* Pods_Hwahae.framework in Frameworks */,
			);
			runOnlyForDeploymentPostprocessing = 0;
		};
/* End PBXFrameworksBuildPhase section */

/* Begin PBXGroup section */
		CA26909BE9ACDC454932A726 /* Pods */ = {
			isa = PBXGroup;
			children = (
				0A0235AB5D036035C9357AB2 /* Pods-Hwahae.debug.xcconfig */,
				E50B5FCA16213D8943E0A370 /* Pods-Hwahae.release.xcconfig */,
			);
			name = Pods;
			path = Pods;
			sourceTree = "<group>";
		};
		FA82465724D6CEEB004AAA98 = {
			isa = PBXGroup;
			children = (
				FA82466224D6CEEB004AAA98 /* Hwahae */,
				FA82466124D6CEEB004AAA98 /* Products */,
				CA26909BE9ACDC454932A726 /* Pods */,
				FB1C200CC656C9B68583A17C /* Frameworks */,
			);
			sourceTree = "<group>";
		};
		FA82466124D6CEEB004AAA98 /* Products */ = {
			isa = PBXGroup;
			children = (
				FA82466024D6CEEB004AAA98 /* Hwahae.app */,
			);
			name = Products;
			sourceTree = "<group>";
		};
		FA82466224D6CEEB004AAA98 /* Hwahae */ = {
			isa = PBXGroup;
			children = (
				FAC986D224D7D5F600F88417 /* Controller */,
				FA82466324D6CEEB004AAA98 /* AppDelegate.swift */,
				FA82466524D6CEEB004AAA98 /* SceneDelegate.swift */,
				FA82466924D6CEEB004AAA98 /* Main.storyboard */,
				FA82466C24D6CEED004AAA98 /* Assets.xcassets */,
				FA82466E24D6CEED004AAA98 /* LaunchScreen.storyboard */,
				FA82467124D6CEED004AAA98 /* Info.plist */,
				FA82467724D6E738004AAA98 /* RootPageControllerViewController.swift */,
				FA51181124DA79B000C07D66 /* GoogleService-Info.plist */,
			);
			path = Hwahae;
			sourceTree = "<group>";
		};
		FAC986D224D7D5F600F88417 /* Controller */ = {
			isa = PBXGroup;
			children = (
				FAC986D324D7D73F00F88417 /* HomeViewController.swift */,
				FAC986D524D7D74D00F88417 /* FindViewController.swift */,
				FAC986D724D7D75900F88417 /* ShoppingViewController.swift */,
				FAC986D924D7D76200F88417 /* MyViewController.swift */,
			);
			path = Controller;
			sourceTree = "<group>";
		};
		FB1C200CC656C9B68583A17C /* Frameworks */ = {
			isa = PBXGroup;
			children = (
				6F30726DF737E8565DB5C554 /* Pods_Hwahae.framework */,
			);
			name = Frameworks;
			sourceTree = "<group>";
		};
/* End PBXGroup section */

/* Begin PBXNativeTarget section */
		FA82465F24D6CEEB004AAA98 /* Hwahae */ = {
			isa = PBXNativeTarget;
			buildConfigurationList = FA82467424D6CEED004AAA98 /* Build configuration list for PBXNativeTarget "Hwahae" */;
			buildPhases = (
				512957ECD22593BE96ACA4E2 /* [CP] Check Pods Manifest.lock */,
				FA82465C24D6CEEB004AAA98 /* Sources */,
				FA82465D24D6CEEB004AAA98 /* Frameworks */,
				FA82465E24D6CEEB004AAA98 /* Resources */,
				78FD04477362249E5B34C035 /* [CP] Embed Pods Frameworks */,
			);
			buildRules = (
			);
			dependencies = (
			);
			name = Hwahae;
			productName = Hwahae;
			productReference = FA82466024D6CEEB004AAA98 /* Hwahae.app */;
			productType = "com.apple.product-type.application";
		};
/* End PBXNativeTarget section */

/* Begin PBXProject section */
		FA82465824D6CEEB004AAA98 /* Project object */ = {
			isa = PBXProject;
			attributes = {
				LastSwiftUpdateCheck = 1160;
				LastUpgradeCheck = 1160;
				ORGANIZATIONNAME = sapere4ude;
				TargetAttributes = {
					FA82465F24D6CEEB004AAA98 = {
						CreatedOnToolsVersion = 11.6;
					};
				};
			};
			buildConfigurationList = FA82465B24D6CEEB004AAA98 /* Build configuration list for PBXProject "Hwahae" */;
			compatibilityVersion = "Xcode 9.3";
			developmentRegion = en;
			hasScannedForEncodings = 0;
			knownRegions = (
				en,
				Base,
			);
			mainGroup = FA82465724D6CEEB004AAA98;
			productRefGroup = FA82466124D6CEEB004AAA98 /* Products */;
			projectDirPath = "";
			projectRoot = "";
			targets = (
				FA82465F24D6CEEB004AAA98 /* Hwahae */,
			);
		};
/* End PBXProject section */

/* Begin PBXResourcesBuildPhase section */
		FA82465E24D6CEEB004AAA98 /* Resources */ = {
			isa = PBXResourcesBuildPhase;
			buildActionMask = 2147483647;
			files = (
				FA82467024D6CEED004AAA98 /* LaunchScreen.storyboard in Resources */,
				FA51181224DA79B000C07D66 /* GoogleService-Info.plist in Resources */,
				FA82466D24D6CEED004AAA98 /* Assets.xcassets in Resources */,
				FA82466B24D6CEEB004AAA98 /* Main.storyboard in Resources */,
			);
			runOnlyForDeploymentPostprocessing = 0;
		};
/* End PBXResourcesBuildPhase section */

/* Begin PBXShellScriptBuildPhase section */
		512957ECD22593BE96ACA4E2 /* [CP] Check Pods Manifest.lock */ = {
			isa = PBXShellScriptBuildPhase;
			buildActionMask = 2147483647;
			files = (
			);
			inputFileListPaths = (
			);
			inputPaths = (
				"${PODS_PODFILE_DIR_PATH}/Podfile.lock",
				"${PODS_ROOT}/Manifest.lock",
			);
			name = "[CP] Check Pods Manifest.lock";
			outputFileListPaths = (
			);
			outputPaths = (
				"$(DERIVED_FILE_DIR)/Pods-Hwahae-checkManifestLockResult.txt",
			);
			runOnlyForDeploymentPostprocessing = 0;
			shellPath = /bin/sh;
			shellScript = "diff \"${PODS_PODFILE_DIR_PATH}/Podfile.lock\" \"${PODS_ROOT}/Manifest.lock\" > /dev/null\nif [ $? != 0 ] ; then\n    # print error to STDERR\n    echo \"error: The sandbox is not in sync with the Podfile.lock. Run 'pod install' or update your CocoaPods installation.\" >&2\n    exit 1\nfi\n# This output is used by Xcode 'outputs' to avoid re-running this script phase.\necho \"SUCCESS\" > \"${SCRIPT_OUTPUT_FILE_0}\"\n";
			showEnvVarsInLog = 0;
		};
		78FD04477362249E5B34C035 /* [CP] Embed Pods Frameworks */ = {
			isa = PBXShellScriptBuildPhase;
			buildActionMask = 2147483647;
			files = (
			);
			inputFileListPaths = (
				"${PODS_ROOT}/Target Support Files/Pods-Hwahae/Pods-Hwahae-frameworks-${CONFIGURATION}-input-files.xcfilelist",
			);
			name = "[CP] Embed Pods Frameworks";
			outputFileListPaths = (
				"${PODS_ROOT}/Target Support Files/Pods-Hwahae/Pods-Hwahae-frameworks-${CONFIGURATION}-output-files.xcfilelist",
			);
			runOnlyForDeploymentPostprocessing = 0;
			shellPath = /bin/sh;
			shellScript = "\"${PODS_ROOT}/Target Support Files/Pods-Hwahae/Pods-Hwahae-frameworks.sh\"\n";
			showEnvVarsInLog = 0;
		};
/* End PBXShellScriptBuildPhase section */

/* Begin PBXSourcesBuildPhase section */
		FA82465C24D6CEEB004AAA98 /* Sources */ = {
			isa = PBXSourcesBuildPhase;
			buildActionMask = 2147483647;
			files = (
				FAC986D624D7D74D00F88417 /* FindViewController.swift in Sources */,
				FA82466424D6CEEB004AAA98 /* AppDelegate.swift in Sources */,
				FA82467824D6E738004AAA98 /* RootPageControllerViewController.swift in Sources */,
				FAC986DA24D7D76200F88417 /* MyViewController.swift in Sources */,
				FA82466624D6CEEB004AAA98 /* SceneDelegate.swift in Sources */,
				FAC986D824D7D75900F88417 /* ShoppingViewController.swift in Sources */,
				FAC986D424D7D73F00F88417 /* HomeViewController.swift in Sources */,
			);
			runOnlyForDeploymentPostprocessing = 0;
		};
/* End PBXSourcesBuildPhase section */

/* Begin PBXVariantGroup section */
		FA82466924D6CEEB004AAA98 /* Main.storyboard */ = {
			isa = PBXVariantGroup;
			children = (
				FA82466A24D6CEEB004AAA98 /* Base */,
			);
			name = Main.storyboard;
			sourceTree = "<group>";
		};
		FA82466E24D6CEED004AAA98 /* LaunchScreen.storyboard */ = {
			isa = PBXVariantGroup;
			children = (
				FA82466F24D6CEED004AAA98 /* Base */,
			);
			name = LaunchScreen.storyboard;
			sourceTree = "<group>";
		};
/* End PBXVariantGroup section */

/* Begin XCBuildConfiguration section */
		FA82467224D6CEED004AAA98 /* Debug */ = {
			isa = XCBuildConfiguration;
			buildSettings = {
				ALWAYS_SEARCH_USER_PATHS = NO;
				CLANG_ANALYZER_NONNULL = YES;
				CLANG_ANALYZER_NUMBER_OBJECT_CONVERSION = YES_AGGRESSIVE;
				CLANG_CXX_LANGUAGE_STANDARD = "gnu++14";
				CLANG_CXX_LIBRARY = "libc++";
				CLANG_ENABLE_MODULES = YES;
				CLANG_ENABLE_OBJC_ARC = YES;
				CLANG_ENABLE_OBJC_WEAK = YES;
				CLANG_WARN_BLOCK_CAPTURE_AUTORELEASING = YES;
				CLANG_WARN_BOOL_CONVERSION = YES;
				CLANG_WARN_COMMA = YES;
				CLANG_WARN_CONSTANT_CONVERSION = YES;
				CLANG_WARN_DEPRECATED_OBJC_IMPLEMENTATIONS = YES;
				CLANG_WARN_DIRECT_OBJC_ISA_USAGE = YES_ERROR;
				CLANG_WARN_DOCUMENTATION_COMMENTS = YES;
				CLANG_WARN_EMPTY_BODY = YES;
				CLANG_WARN_ENUM_CONVERSION = YES;
				CLANG_WARN_INFINITE_RECURSION = YES;
				CLANG_WARN_INT_CONVERSION = YES;
				CLANG_WARN_NON_LITERAL_NULL_CONVERSION = YES;
				CLANG_WARN_OBJC_IMPLICIT_RETAIN_SELF = YES;
				CLANG_WARN_OBJC_LITERAL_CONVERSION = YES;
				CLANG_WARN_OBJC_ROOT_CLASS = YES_ERROR;
				CLANG_WARN_RANGE_LOOP_ANALYSIS = YES;
				CLANG_WARN_STRICT_PROTOTYPES = YES;
				CLANG_WARN_SUSPICIOUS_MOVE = YES;
				CLANG_WARN_UNGUARDED_AVAILABILITY = YES_AGGRESSIVE;
				CLANG_WARN_UNREACHABLE_CODE = YES;
				CLANG_WARN__DUPLICATE_METHOD_MATCH = YES;
				COPY_PHASE_STRIP = NO;
				DEBUG_INFORMATION_FORMAT = dwarf;
				ENABLE_STRICT_OBJC_MSGSEND = YES;
				ENABLE_TESTABILITY = YES;
				GCC_C_LANGUAGE_STANDARD = gnu11;
				GCC_DYNAMIC_NO_PIC = NO;
				GCC_NO_COMMON_BLOCKS = YES;
				GCC_OPTIMIZATION_LEVEL = 0;
				GCC_PREPROCESSOR_DEFINITIONS = (
					"DEBUG=1",
					"$(inherited)",
				);
				GCC_WARN_64_TO_32_BIT_CONVERSION = YES;
				GCC_WARN_ABOUT_RETURN_TYPE = YES_ERROR;
				GCC_WARN_UNDECLARED_SELECTOR = YES;
				GCC_WARN_UNINITIALIZED_AUTOS = YES_AGGRESSIVE;
				GCC_WARN_UNUSED_FUNCTION = YES;
				GCC_WARN_UNUSED_VARIABLE = YES;
				IPHONEOS_DEPLOYMENT_TARGET = 13.6;
				MTL_ENABLE_DEBUG_INFO = INCLUDE_SOURCE;
				MTL_FAST_MATH = YES;
				ONLY_ACTIVE_ARCH = YES;
				SDKROOT = iphoneos;
				SWIFT_ACTIVE_COMPILATION_CONDITIONS = DEBUG;
				SWIFT_OPTIMIZATION_LEVEL = "-Onone";
			};
			name = Debug;
		};
		FA82467324D6CEED004AAA98 /* Release */ = {
			isa = XCBuildConfiguration;
			buildSettings = {
				ALWAYS_SEARCH_USER_PATHS = NO;
				CLANG_ANALYZER_NONNULL = YES;
				CLANG_ANALYZER_NUMBER_OBJECT_CONVERSION = YES_AGGRESSIVE;
				CLANG_CXX_LANGUAGE_STANDARD = "gnu++14";
				CLANG_CXX_LIBRARY = "libc++";
				CLANG_ENABLE_MODULES = YES;
				CLANG_ENABLE_OBJC_ARC = YES;
				CLANG_ENABLE_OBJC_WEAK = YES;
				CLANG_WARN_BLOCK_CAPTURE_AUTORELEASING = YES;
				CLANG_WARN_BOOL_CONVERSION = YES;
				CLANG_WARN_COMMA = YES;
				CLANG_WARN_CONSTANT_CONVERSION = YES;
				CLANG_WARN_DEPRECATED_OBJC_IMPLEMENTATIONS = YES;
				CLANG_WARN_DIRECT_OBJC_ISA_USAGE = YES_ERROR;
				CLANG_WARN_DOCUMENTATION_COMMENTS = YES;
				CLANG_WARN_EMPTY_BODY = YES;
				CLANG_WARN_ENUM_CONVERSION = YES;
				CLANG_WARN_INFINITE_RECURSION = YES;
				CLANG_WARN_INT_CONVERSION = YES;
				CLANG_WARN_NON_LITERAL_NULL_CONVERSION = YES;
				CLANG_WARN_OBJC_IMPLICIT_RETAIN_SELF = YES;
				CLANG_WARN_OBJC_LITERAL_CONVERSION = YES;
				CLANG_WARN_OBJC_ROOT_CLASS = YES_ERROR;
				CLANG_WARN_RANGE_LOOP_ANALYSIS = YES;
				CLANG_WARN_STRICT_PROTOTYPES = YES;
				CLANG_WARN_SUSPICIOUS_MOVE = YES;
				CLANG_WARN_UNGUARDED_AVAILABILITY = YES_AGGRESSIVE;
				CLANG_WARN_UNREACHABLE_CODE = YES;
				CLANG_WARN__DUPLICATE_METHOD_MATCH = YES;
				COPY_PHASE_STRIP = NO;
				DEBUG_INFORMATION_FORMAT = "dwarf-with-dsym";
				ENABLE_NS_ASSERTIONS = NO;
				ENABLE_STRICT_OBJC_MSGSEND = YES;
				GCC_C_LANGUAGE_STANDARD = gnu11;
				GCC_NO_COMMON_BLOCKS = YES;
				GCC_WARN_64_TO_32_BIT_CONVERSION = YES;
				GCC_WARN_ABOUT_RETURN_TYPE = YES_ERROR;
				GCC_WARN_UNDECLARED_SELECTOR = YES;
				GCC_WARN_UNINITIALIZED_AUTOS = YES_AGGRESSIVE;
				GCC_WARN_UNUSED_FUNCTION = YES;
				GCC_WARN_UNUSED_VARIABLE = YES;
				IPHONEOS_DEPLOYMENT_TARGET = 13.6;
				MTL_ENABLE_DEBUG_INFO = NO;
				MTL_FAST_MATH = YES;
				SDKROOT = iphoneos;
				SWIFT_COMPILATION_MODE = wholemodule;
				SWIFT_OPTIMIZATION_LEVEL = "-O";
				VALIDATE_PRODUCT = YES;
			};
			name = Release;
		};
		FA82467524D6CEED004AAA98 /* Debug */ = {
			isa = XCBuildConfiguration;
			baseConfigurationReference = 0A0235AB5D036035C9357AB2 /* Pods-Hwahae.debug.xcconfig */;
			buildSettings = {
				ASSETCATALOG_COMPILER_APPICON_NAME = AppIcon;
				CODE_SIGN_STYLE = Automatic;
				INFOPLIST_FILE = Hwahae/Info.plist;
				LD_RUNPATH_SEARCH_PATHS = (
					"$(inherited)",
					"@executable_path/Frameworks",
				);
				PRODUCT_BUNDLE_IDENTIFIER = sapere4ude.Hwahae;
				PRODUCT_NAME = "$(TARGET_NAME)";
				SWIFT_VERSION = 5.0;
				TARGETED_DEVICE_FAMILY = "1,2";
			};
			name = Debug;
		};
		FA82467624D6CEED004AAA98 /* Release */ = {
			isa = XCBuildConfiguration;
			baseConfigurationReference = E50B5FCA16213D8943E0A370 /* Pods-Hwahae.release.xcconfig */;
			buildSettings = {
				ASSETCATALOG_COMPILER_APPICON_NAME = AppIcon;
				CODE_SIGN_STYLE = Automatic;
				INFOPLIST_FILE = Hwahae/Info.plist;
				LD_RUNPATH_SEARCH_PATHS = (
					"$(inherited)",
					"@executable_path/Frameworks",
				);
				PRODUCT_BUNDLE_IDENTIFIER = sapere4ude.Hwahae;
				PRODUCT_NAME = "$(TARGET_NAME)";
				SWIFT_VERSION = 5.0;
				TARGETED_DEVICE_FAMILY = "1,2";
			};
			name = Release;
		};
/* End XCBuildConfiguration section */

/* Begin XCConfigurationList section */
		FA82465B24D6CEEB004AAA98 /* Build configuration list for PBXProject "Hwahae" */ = {
			isa = XCConfigurationList;
			buildConfigurations = (
				FA82467224D6CEED004AAA98 /* Debug */,
				FA82467324D6CEED004AAA98 /* Release */,
			);
			defaultConfigurationIsVisible = 0;
			defaultConfigurationName = Release;
		};
		FA82467424D6CEED004AAA98 /* Build configuration list for PBXNativeTarget "Hwahae" */ = {
			isa = XCConfigurationList;
			buildConfigurations = (
				FA82467524D6CEED004AAA98 /* Debug */,
				FA82467624D6CEED004AAA98 /* Release */,
			);
			defaultConfigurationIsVisible = 0;
			defaultConfigurationName = Release;
		};
/* End XCConfigurationList section */
	};
	rootObject = FA82465824D6CEEB004AAA98 /* Project object */;
}
