// !$*UTF8*$!
{
	archiveVersion = 1;
	classes = {
	};
	objectVersion = 50;
	objects = {

/* Begin PBXBuildFile section */
		FA82466424D6CEEB004AAA98 /* AppDelegate.swift in Sources */ = {isa = PBXBuildFile; fileRef = FA82466324D6CEEB004AAA98 /* AppDelegate.swift */; };
		FA82466624D6CEEB004AAA98 /* SceneDelegate.swift in Sources */ = {isa = PBXBuildFile; fileRef = FA82466524D6CEEB004AAA98 /* SceneDelegate.swift */; };
		FA82466B24D6CEEB004AAA98 /* Main.storyboard in Resources */ = {isa = PBXBuildFile; fileRef = FA82466924D6CEEB004AAA98 /* Main.storyboard */; };
		FA82466D24D6CEED004AAA98 /* Assets.xcassets in Resources */ = {isa = PBXBuildFile; fileRef = FA82466C24D6CEED004AAA98 /* Assets.xcassets */; };
		FA82467024D6CEED004AAA98 /* LaunchScreen.storyboard in Resources */ = {isa = PBXBuildFile; fileRef = FA82466E24D6CEED004AAA98 /* LaunchScreen.storyboard */; };
		FA82467824D6E738004AAA98 /* RootPageControllerViewController.swift in Sources */ = {isa = PBXBuildFile; fileRef = FA82467724D6E738004AAA98 /* RootPageControllerViewController.swift */; };
/* End PBXBuildFile section */

/* Begin PBXFileReference section */
		FA82466024D6CEEB004AAA98 /* Hwahae.app */ = {isa = PBXFileReference; explicitFileType = wrapper.application; includeInIndex = 0; path = Hwahae.app; sourceTree = BUILT_PRODUCTS_DIR; };
		FA82466324D6CEEB004AAA98 /* AppDelegate.swift */ = {isa = PBXFileReference; lastKnownFileType = sourcecode.swift; path = AppDelegate.swift; sourceTree = "<group>"; };
		FA82466524D6CEEB004AAA98 /* SceneDelegate.swift */ = {isa = PBXFileReference; lastKnownFileType = sourcecode.swift; path = SceneDelegate.swift; sourceTree = "<group>"; };
		FA82466A24D6CEEB004AAA98 /* Base */ = {isa = PBXFileReference; lastKnownFileType = file.storyboard; name = Base; path = Base.lproj/Main.storyboard; sourceTree = "<group>"; };
		FA82466C24D6CEED004AAA98 /* Assets.xcassets */ = {isa = PBXFileReference; lastKnownFileType = folder.assetcatalog; path = Assets.xcassets; sourceTree = "<group>"; };
		FA82466F24D6CEED004AAA98 /* Base */ = {isa = PBXFileReference; lastKnownFileType = file.storyboard; name = Base; path = Base.lproj/LaunchScreen.storyboard; sourceTree = "<group>"; };
		FA82467124D6CEED004AAA98 /* Info.plist */ = {isa = PBXFileReference; lastKnownFileType = text.plist.xml; path = Info.plist; sourceTree = "<group>"; };
		FA82467724D6E738004AAA98 /* RootPageControllerViewController.swift */ = {isa = PBXFileReference; lastKnownFileType = sourcecode.swift; path = RootPageControllerViewController.swift; sourceTree = "<group>"; };
/* End PBXFileReference section */

/* Begin PBXFrameworksBuildPhase section */
		FA82465D24D6CEEB004AAA98 /* Frameworks */ = {
			isa = PBXFrameworksBuildPhase;
			buildActionMask = 2147483647;
			files = (
			);
			runOnlyForDeploymentPostprocessing = 0;
		};
/* End PBXFrameworksBuildPhase section */

/* Begin PBXGroup section */
		FA82465724D6CEEB004AAA98 = {
			isa = PBXGroup;
			children = (
				FA82466224D6CEEB004AAA98 /* Hwahae */,
				FA82466124D6CEEB004AAA98 /* Products */,
			);
			sourceTree = "<group>";
		};
		FA82466124D6CEEB004AAA98 /* Products */ = {
			isa = PBXGroup;
			children = (
				FA82466024D6CEEB004AAA98 /* Hwahae.app */,
			);
			name = Products;
			sourceTree = "<group>";
		};
		FA82466224D6CEEB004AAA98 /* Hwahae */ = {
			isa = PBXGroup;
			children = (
				FA82466324D6CEEB004AAA98 /* AppDelegate.swift */,
				FA82466524D6CEEB004AAA98 /* SceneDelegate.swift */,
				FA82466924D6CEEB004AAA98 /* Main.storyboard */,
				FA82466C24D6CEED004AAA98 /* Assets.xcassets */,
				FA82466E24D6CEED004AAA98 /* LaunchScreen.storyboard */,
				FA82467124D6CEED004AAA98 /* Info.plist */,
				FA82467724D6E738004AAA98 /* RootPageControllerViewController.swift */,
			);
			path = Hwahae;
			sourceTree = "<group>";
		};
/* End PBXGroup section */

/* Begin PBXNativeTarget section */
		FA82465F24D6CEEB004AAA98 /* Hwahae */ = {
			isa = PBXNativeTarget;
			buildConfigurationList = FA82467424D6CEED004AAA98 /* Build configuration list for PBXNativeTarget "Hwahae" */;
			buildPhases = (
				FA82465C24D6CEEB004AAA98 /* Sources */,
				FA82465D24D6CEEB004AAA98 /* Frameworks */,
				FA82465E24D6CEEB004AAA98 /* Resources */,
			);
			buildRules = (
			);
			dependencies = (
			);
			name = Hwahae;
			productName = Hwahae;
			productReference = FA82466024D6CEEB004AAA98 /* Hwahae.app */;
			productType = "com.apple.product-type.application";
		};
/* End PBXNativeTarget section */

/* Begin PBXProject section */
		FA82465824D6CEEB004AAA98 /* Project object */ = {
			isa = PBXProject;
			attributes = {
				LastSwiftUpdateCheck = 1160;
				LastUpgradeCheck = 1160;
				ORGANIZATIONNAME = sapere4ude;
				TargetAttributes = {
					FA82465F24D6CEEB004AAA98 = {
						CreatedOnToolsVersion = 11.6;
					};
				};
			};
			buildConfigurationList = FA82465B24D6CEEB004AAA98 /* Build configuration list for PBXProject "Hwahae" */;
			compatibilityVersion = "Xcode 9.3";
			developmentRegion = en;
			hasScannedForEncodings = 0;
			knownRegions = (
				en,
				Base,
			);
			mainGroup = FA82465724D6CEEB004AAA98;
			productRefGroup = FA82466124D6CEEB004AAA98 /* Products */;
			projectDirPath = "";
			projectRoot = "";
			targets = (
				FA82465F24D6CEEB004AAA98 /* Hwahae */,
			);
		};
/* End PBXProject section */

/* Begin PBXResourcesBuildPhase section */
		FA82465E24D6CEEB004AAA98 /* Resources */ = {
			isa = PBXResourcesBuildPhase;
			buildActionMask = 2147483647;
			files = (
				FA82467024D6CEED004AAA98 /* LaunchScreen.storyboard in Resources */,
				FA82466D24D6CEED004AAA98 /* Assets.xcassets in Resources */,
				FA82466B24D6CEEB004AAA98 /* Main.storyboard in Resources */,
			);
			runOnlyForDeploymentPostprocessing = 0;
		};
/* End PBXResourcesBuildPhase section */

/* Begin PBXSourcesBuildPhase section */
		FA82465C24D6CEEB004AAA98 /* Sources */ = {
			isa = PBXSourcesBuildPhase;
			buildActionMask = 2147483647;
			files = (
				FA82466424D6CEEB004AAA98 /* AppDelegate.swift in Sources */,
				FA82467824D6E738004AAA98 /* RootPageControllerViewController.swift in Sources */,
				FA82466624D6CEEB004AAA98 /* SceneDelegate.swift in Sources */,
			);
			runOnlyForDeploymentPostprocessing = 0;
		};
/* End PBXSourcesBuildPhase section */

/* Begin PBXVariantGroup section */
		FA82466924D6CEEB004AAA98 /* Main.storyboard */ = {
			isa = PBXVariantGroup;
			children = (
				FA82466A24D6CEEB004AAA98 /* Base */,
			);
			name = Main.storyboard;
			sourceTree = "<group>";
		};
		FA82466E24D6CEED004AAA98 /* LaunchScreen.storyboard */ = {
			isa = PBXVariantGroup;
			children = (
				FA82466F24D6CEED004AAA98 /* Base */,
			);
			name = LaunchScreen.storyboard;
			sourceTree = "<group>";
		};
/* End PBXVariantGroup section */

/* Begin XCBuildConfiguration section */
		FA82467224D6CEED004AAA98 /* Debug */ = {
			isa = XCBuildConfiguration;
			buildSettings = {
				ALWAYS_SEARCH_USER_PATHS = NO;
				CLANG_ANALYZER_NONNULL = YES;
				CLANG_ANALYZER_NUMBER_OBJECT_CONVERSION = YES_AGGRESSIVE;
				CLANG_CXX_LANGUAGE_STANDARD = "gnu++14";
				CLANG_CXX_LIBRARY = "libc++";
				CLANG_ENABLE_MODULES = YES;
				CLANG_ENABLE_OBJC_ARC = YES;
				CLANG_ENABLE_OBJC_WEAK = YES;
				CLANG_WARN_BLOCK_CAPTURE_AUTORELEASING = YES;
				CLANG_WARN_BOOL_CONVERSION = YES;
				CLANG_WARN_COMMA = YES;
				CLANG_WARN_CONSTANT_CONVERSION = YES;
				CLANG_WARN_DEPRECATED_OBJC_IMPLEMENTATIONS = YES;
				CLANG_WARN_DIRECT_OBJC_ISA_USAGE = YES_ERROR;
				CLANG_WARN_DOCUMENTATION_COMMENTS = YES;
				CLANG_WARN_EMPTY_BODY = YES;
				CLANG_WARN_ENUM_CONVERSION = YES;
				CLANG_WARN_INFINITE_RECURSION = YES;
				CLANG_WARN_INT_CONVERSION = YES;
				CLANG_WARN_NON_LITERAL_NULL_CONVERSION = YES;
				CLANG_WARN_OBJC_IMPLICIT_RETAIN_SELF = YES;
				CLANG_WARN_OBJC_LITERAL_CONVERSION = YES;
				CLANG_WARN_OBJC_ROOT_CLASS = YES_ERROR;
				CLANG_WARN_RANGE_LOOP_ANALYSIS = YES;
				CLANG_WARN_STRICT_PROTOTYPES = YES;
				CLANG_WARN_SUSPICIOUS_MOVE = YES;
				CLANG_WARN_UNGUARDED_AVAILABILITY = YES_AGGRESSIVE;
				CLANG_WARN_UNREACHABLE_CODE = YES;
				CLANG_WARN__DUPLICATE_METHOD_MATCH = YES;
				COPY_PHASE_STRIP = NO;
				DEBUG_INFORMATION_FORMAT = dwarf;
				ENABLE_STRICT_OBJC_MSGSEND = YES;
				ENABLE_TESTABILITY = YES;
				GCC_C_LANGUAGE_STANDARD = gnu11;
				GCC_DYNAMIC_NO_PIC = NO;
				GCC_NO_COMMON_BLOCKS = YES;
				GCC_OPTIMIZATION_LEVEL = 0;
				GCC_PREPROCESSOR_DEFINITIONS = (
					"DEBUG=1",
					"$(inherited)",
				);
				GCC_WARN_64_TO_32_BIT_CONVERSION = YES;
				GCC_WARN_ABOUT_RETURN_TYPE = YES_ERROR;
				GCC_WARN_UNDECLARED_SELECTOR = YES;
				GCC_WARN_UNINITIALIZED_AUTOS = YES_AGGRESSIVE;
				GCC_WARN_UNUSED_FUNCTION = YES;
				GCC_WARN_UNUSED_VARIABLE = YES;
				IPHONEOS_DEPLOYMENT_TARGET = 13.6;
				MTL_ENABLE_DEBUG_INFO = INCLUDE_SOURCE;
				MTL_FAST_MATH = YES;
				ONLY_ACTIVE_ARCH = YES;
				SDKROOT = iphoneos;
				SWIFT_ACTIVE_COMPILATION_CONDITIONS = DEBUG;
				SWIFT_OPTIMIZATION_LEVEL = "-Onone";
			};
			name = Debug;
		};
		FA82467324D6CEED004AAA98 /* Release */ = {
			isa = XCBuildConfiguration;
			buildSettings = {
				ALWAYS_SEARCH_USER_PATHS = NO;
				CLANG_ANALYZER_NONNULL = YES;
				CLANG_ANALYZER_NUMBER_OBJECT_CONVERSION = YES_AGGRESSIVE;
				CLANG_CXX_LANGUAGE_STANDARD = "gnu++14";
				CLANG_CXX_LIBRARY = "libc++";
				CLANG_ENABLE_MODULES = YES;
				CLANG_ENABLE_OBJC_ARC = YES;
				CLANG_ENABLE_OBJC_WEAK = YES;
				CLANG_WARN_BLOCK_CAPTURE_AUTORELEASING = YES;
				CLANG_WARN_BOOL_CONVERSION = YES;
				CLANG_WARN_COMMA = YES;
				CLANG_WARN_CONSTANT_CONVERSION = YES;
				CLANG_WARN_DEPRECATED_OBJC_IMPLEMENTATIONS = YES;
				CLANG_WARN_DIRECT_OBJC_ISA_USAGE = YES_ERROR;
				CLANG_WARN_DOCUMENTATION_COMMENTS = YES;
				CLANG_WARN_EMPTY_BODY = YES;
				CLANG_WARN_ENUM_CONVERSION = YES;
				CLANG_WARN_INFINITE_RECURSION = YES;
				CLANG_WARN_INT_CONVERSION = YES;
				CLANG_WARN_NON_LITERAL_NULL_CONVERSION = YES;
				CLANG_WARN_OBJC_IMPLICIT_RETAIN_SELF = YES;
				CLANG_WARN_OBJC_LITERAL_CONVERSION = YES;
				CLANG_WARN_OBJC_ROOT_CLASS = YES_ERROR;
				CLANG_WARN_RANGE_LOOP_ANALYSIS = YES;
				CLANG_WARN_STRICT_PROTOTYPES = YES;
				CLANG_WARN_SUSPICIOUS_MOVE = YES;
				CLANG_WARN_UNGUARDED_AVAILABILITY = YES_AGGRESSIVE;
				CLANG_WARN_UNREACHABLE_CODE = YES;
				CLANG_WARN__DUPLICATE_METHOD_MATCH = YES;
				COPY_PHASE_STRIP = NO;
				DEBUG_INFORMATION_FORMAT = "dwarf-with-dsym";
				ENABLE_NS_ASSERTIONS = NO;
				ENABLE_STRICT_OBJC_MSGSEND = YES;
				GCC_C_LANGUAGE_STANDARD = gnu11;
				GCC_NO_COMMON_BLOCKS = YES;
				GCC_WARN_64_TO_32_BIT_CONVERSION = YES;
				GCC_WARN_ABOUT_RETURN_TYPE = YES_ERROR;
				GCC_WARN_UNDECLARED_SELECTOR = YES;
				GCC_WARN_UNINITIALIZED_AUTOS = YES_AGGRESSIVE;
				GCC_WARN_UNUSED_FUNCTION = YES;
				GCC_WARN_UNUSED_VARIABLE = YES;
				IPHONEOS_DEPLOYMENT_TARGET = 13.6;
				MTL_ENABLE_DEBUG_INFO = NO;
				MTL_FAST_MATH = YES;
				SDKROOT = iphoneos;
				SWIFT_COMPILATION_MODE = wholemodule;
				SWIFT_OPTIMIZATION_LEVEL = "-O";
				VALIDATE_PRODUCT = YES;
			};
			name = Release;
		};
		FA82467524D6CEED004AAA98 /* Debug */ = {
			isa = XCBuildConfiguration;
			buildSettings = {
				ASSETCATALOG_COMPILER_APPICON_NAME = AppIcon;
				CODE_SIGN_STYLE = Automatic;
				INFOPLIST_FILE = Hwahae/Info.plist;
				LD_RUNPATH_SEARCH_PATHS = (
					"$(inherited)",
					"@executable_path/Frameworks",
				);
				PRODUCT_BUNDLE_IDENTIFIER = sapere4ude.Hwahae;
				PRODUCT_NAME = "$(TARGET_NAME)";
				SWIFT_VERSION = 5.0;
				TARGETED_DEVICE_FAMILY = "1,2";
			};
			name = Debug;
		};
		FA82467624D6CEED004AAA98 /* Release */ = {
			isa = XCBuildConfiguration;
			buildSettings = {
				ASSETCATALOG_COMPILER_APPICON_NAME = AppIcon;
				CODE_SIGN_STYLE = Automatic;
				INFOPLIST_FILE = Hwahae/Info.plist;
				LD_RUNPATH_SEARCH_PATHS = (
					"$(inherited)",
					"@executable_path/Frameworks",
				);
				PRODUCT_BUNDLE_IDENTIFIER = sapere4ude.Hwahae;
				PRODUCT_NAME = "$(TARGET_NAME)";
				SWIFT_VERSION = 5.0;
				TARGETED_DEVICE_FAMILY = "1,2";
			};
			name = Release;
		};
/* End XCBuildConfiguration section */

/* Begin XCConfigurationList section */
		FA82465B24D6CEEB004AAA98 /* Build configuration list for PBXProject "Hwahae" */ = {
			isa = XCConfigurationList;
			buildConfigurations = (
				FA82467224D6CEED004AAA98 /* Debug */,
				FA82467324D6CEED004AAA98 /* Release */,
			);
			defaultConfigurationIsVisible = 0;
			defaultConfigurationName = Release;
		};
		FA82467424D6CEED004AAA98 /* Build configuration list for PBXNativeTarget "Hwahae" */ = {
			isa = XCConfigurationList;
			buildConfigurations = (
				FA82467524D6CEED004AAA98 /* Debug */,
				FA82467624D6CEED004AAA98 /* Release */,
			);
			defaultConfigurationIsVisible = 0;
			defaultConfigurationName = Release;
		};
/* End XCConfigurationList section */
	};
	rootObject = FA82465824D6CEEB004AAA98 /* Project object */;
}
