// !$*UTF8*$!
{
	archiveVersion = 1;
	classes = {
	};
	objectVersion = 56;
	objects = {

/* Begin PBXBuildFile section */
		BEF6300A2B569EF00079E6C2 /* AppDelegate.swift in Sources */ = {isa = PBXBuildFile; fileRef = BEF630092B569EF00079E6C2 /* AppDelegate.swift */; };
		BEF6300C2B569EF00079E6C2 /* SceneDelegate.swift in Sources */ = {isa = PBXBuildFile; fileRef = BEF6300B2B569EF00079E6C2 /* SceneDelegate.swift */; };
		BEF6300E2B569EF00079E6C2 /* HomeViewController.swift in Sources */ = {isa = PBXBuildFile; fileRef = BEF6300D2B569EF00079E6C2 /* HomeViewController.swift */; };
		BEF630132B569EF20079E6C2 /* Assets.xcassets in Resources */ = {isa = PBXBuildFile; fileRef = BEF630122B569EF20079E6C2 /* Assets.xcassets */; };
		BEF630162B569EF20079E6C2 /* LaunchScreen.storyboard in Resources */ = {isa = PBXBuildFile; fileRef = BEF630142B569EF20079E6C2 /* LaunchScreen.storyboard */; };
		BEF6301E2B569EFD0079E6C2 /* Coordinator.swift in Sources */ = {isa = PBXBuildFile; fileRef = BEF6301D2B569EFD0079E6C2 /* Coordinator.swift */; };
		BEF630202B569F3B0079E6C2 /* AppCoordinator.swift in Sources */ = {isa = PBXBuildFile; fileRef = BEF6301F2B569F3B0079E6C2 /* AppCoordinator.swift */; };
		BEF630222B56A6550079E6C2 /* HomeCoordinator.swift in Sources */ = {isa = PBXBuildFile; fileRef = BEF630212B56A6550079E6C2 /* HomeCoordinator.swift */; };
		BEF630272B58063C0079E6C2 /* DetailViewController.swift in Sources */ = {isa = PBXBuildFile; fileRef = BEF630262B58063C0079E6C2 /* DetailViewController.swift */; };
		BEF630292B58068E0079E6C2 /* DetailCoordinator.swift in Sources */ = {isa = PBXBuildFile; fileRef = BEF630282B58068E0079E6C2 /* DetailCoordinator.swift */; };
/* End PBXBuildFile section */

/* Begin PBXFileReference section */
		BEF630062B569EF00079E6C2 /* ExCoordinator.app */ = {isa = PBXFileReference; explicitFileType = wrapper.application; includeInIndex = 0; path = ExCoordinator.app; sourceTree = BUILT_PRODUCTS_DIR; };
		BEF630092B569EF00079E6C2 /* AppDelegate.swift */ = {isa = PBXFileReference; lastKnownFileType = sourcecode.swift; path = AppDelegate.swift; sourceTree = "<group>"; };
		BEF6300B2B569EF00079E6C2 /* SceneDelegate.swift */ = {isa = PBXFileReference; lastKnownFileType = sourcecode.swift; path = SceneDelegate.swift; sourceTree = "<group>"; };
		BEF6300D2B569EF00079E6C2 /* HomeViewController.swift */ = {isa = PBXFileReference; lastKnownFileType = sourcecode.swift; path = HomeViewController.swift; sourceTree = "<group>"; };
		BEF630122B569EF20079E6C2 /* Assets.xcassets */ = {isa = PBXFileReference; lastKnownFileType = folder.assetcatalog; path = Assets.xcassets; sourceTree = "<group>"; };
		BEF630152B569EF20079E6C2 /* Base */ = {isa = PBXFileReference; lastKnownFileType = file.storyboard; name = Base; path = Base.lproj/LaunchScreen.storyboard; sourceTree = "<group>"; };
		BEF630172B569EF20079E6C2 /* Info.plist */ = {isa = PBXFileReference; lastKnownFileType = text.plist.xml; path = Info.plist; sourceTree = "<group>"; };
		BEF6301D2B569EFD0079E6C2 /* Coordinator.swift */ = {isa = PBXFileReference; lastKnownFileType = sourcecode.swift; path = Coordinator.swift; sourceTree = "<group>"; };
		BEF6301F2B569F3B0079E6C2 /* AppCoordinator.swift */ = {isa = PBXFileReference; lastKnownFileType = sourcecode.swift; path = AppCoordinator.swift; sourceTree = "<group>"; };
		BEF630212B56A6550079E6C2 /* HomeCoordinator.swift */ = {isa = PBXFileReference; lastKnownFileType = sourcecode.swift; path = HomeCoordinator.swift; sourceTree = "<group>"; };
		BEF630262B58063C0079E6C2 /* DetailViewController.swift */ = {isa = PBXFileReference; lastKnownFileType = sourcecode.swift; name = DetailViewController.swift; path = ExCoordinator/Presentation/DetailViewController.swift; sourceTree = SOURCE_ROOT; };
		BEF630282B58068E0079E6C2 /* DetailCoordinator.swift */ = {isa = PBXFileReference; lastKnownFileType = sourcecode.swift; path = DetailCoordinator.swift; sourceTree = "<group>"; };
/* End PBXFileReference section */

/* Begin PBXFrameworksBuildPhase section */
		BEF630032B569EF00079E6C2 /* Frameworks */ = {
			isa = PBXFrameworksBuildPhase;
			buildActionMask = 2147483647;
			files = (
			);
			runOnlyForDeploymentPostprocessing = 0;
		};
/* End PBXFrameworksBuildPhase section */

/* Begin PBXGroup section */
		BEF62FFD2B569EF00079E6C2 = {
			isa = PBXGroup;
			children = (
				BEF630082B569EF00079E6C2 /* ExCoordinator */,
				BEF630072B569EF00079E6C2 /* Products */,
			);
			sourceTree = "<group>";
		};
		BEF630072B569EF00079E6C2 /* Products */ = {
			isa = PBXGroup;
			children = (
				BEF630062B569EF00079E6C2 /* ExCoordinator.app */,
			);
			name = Products;
			sourceTree = "<group>";
		};
		BEF630082B569EF00079E6C2 /* ExCoordinator */ = {
			isa = PBXGroup;
			children = (
				BEF630232B56A8980079E6C2 /* App */,
				BEF630252B56A8B00079E6C2 /* Presentation */,
				BEF630242B56A89D0079E6C2 /* Routing */,
			);
			path = ExCoordinator;
			sourceTree = "<group>";
		};
		BEF630232B56A8980079E6C2 /* App */ = {
			isa = PBXGroup;
			children = (
				BEF630092B569EF00079E6C2 /* AppDelegate.swift */,
				BEF6300B2B569EF00079E6C2 /* SceneDelegate.swift */,
				BEF630122B569EF20079E6C2 /* Assets.xcassets */,
				BEF630142B569EF20079E6C2 /* LaunchScreen.storyboard */,
				BEF630172B569EF20079E6C2 /* Info.plist */,
			);
			path = App;
			sourceTree = "<group>";
		};
		BEF630242B56A89D0079E6C2 /* Routing */ = {
			isa = PBXGroup;
			children = (
				BEF6301D2B569EFD0079E6C2 /* Coordinator.swift */,
				BEF6301F2B569F3B0079E6C2 /* AppCoordinator.swift */,
				BEF630212B56A6550079E6C2 /* HomeCoordinator.swift */,
				BEF630282B58068E0079E6C2 /* DetailCoordinator.swift */,
			);
			path = Routing;
			sourceTree = "<group>";
		};
		BEF630252B56A8B00079E6C2 /* Presentation */ = {
			isa = PBXGroup;
			children = (
				BEF6300D2B569EF00079E6C2 /* HomeViewController.swift */,
				BEF630262B58063C0079E6C2 /* DetailViewController.swift */,
			);
			path = Presentation;
			sourceTree = "<group>";
		};
/* End PBXGroup section */

/* Begin PBXNativeTarget section */
		BEF630052B569EF00079E6C2 /* ExCoordinator */ = {
			isa = PBXNativeTarget;
			buildConfigurationList = BEF6301A2B569EF20079E6C2 /* Build configuration list for PBXNativeTarget "ExCoordinator" */;
			buildPhases = (
				BEF630022B569EF00079E6C2 /* Sources */,
				BEF630032B569EF00079E6C2 /* Frameworks */,
				BEF630042B569EF00079E6C2 /* Resources */,
			);
			buildRules = (
			);
			dependencies = (
			);
			name = ExCoordinator;
			productName = ExCoordinator;
			productReference = BEF630062B569EF00079E6C2 /* ExCoordinator.app */;
			productType = "com.apple.product-type.application";
		};
/* End PBXNativeTarget section */

/* Begin PBXProject section */
		BEF62FFE2B569EF00079E6C2 /* Project object */ = {
			isa = PBXProject;
			attributes = {
				BuildIndependentTargetsInParallel = 1;
				LastSwiftUpdateCheck = 1520;
				LastUpgradeCheck = 1520;
				TargetAttributes = {
					BEF630052B569EF00079E6C2 = {
						CreatedOnToolsVersion = 15.2;
					};
				};
			};
			buildConfigurationList = BEF630012B569EF00079E6C2 /* Build configuration list for PBXProject "ExCoordinator" */;
			compatibilityVersion = "Xcode 14.0";
			developmentRegion = en;
			hasScannedForEncodings = 0;
			knownRegions = (
				en,
				Base,
			);
			mainGroup = BEF62FFD2B569EF00079E6C2;
			productRefGroup = BEF630072B569EF00079E6C2 /* Products */;
			projectDirPath = "";
			projectRoot = "";
			targets = (
				BEF630052B569EF00079E6C2 /* ExCoordinator */,
			);
		};
/* End PBXProject section */

/* Begin PBXResourcesBuildPhase section */
		BEF630042B569EF00079E6C2 /* Resources */ = {
			isa = PBXResourcesBuildPhase;
			buildActionMask = 2147483647;
			files = (
				BEF630162B569EF20079E6C2 /* LaunchScreen.storyboard in Resources */,
				BEF630132B569EF20079E6C2 /* Assets.xcassets in Resources */,
			);
			runOnlyForDeploymentPostprocessing = 0;
		};
/* End PBXResourcesBuildPhase section */

/* Begin PBXSourcesBuildPhase section */
		BEF630022B569EF00079E6C2 /* Sources */ = {
			isa = PBXSourcesBuildPhase;
			buildActionMask = 2147483647;
			files = (
				BEF6301E2B569EFD0079E6C2 /* Coordinator.swift in Sources */,
				BEF630222B56A6550079E6C2 /* HomeCoordinator.swift in Sources */,
				BEF6300E2B569EF00079E6C2 /* HomeViewController.swift in Sources */,
				BEF630202B569F3B0079E6C2 /* AppCoordinator.swift in Sources */,
				BEF6300A2B569EF00079E6C2 /* AppDelegate.swift in Sources */,
				BEF630292B58068E0079E6C2 /* DetailCoordinator.swift in Sources */,
				BEF6300C2B569EF00079E6C2 /* SceneDelegate.swift in Sources */,
				BEF630272B58063C0079E6C2 /* DetailViewController.swift in Sources */,
			);
			runOnlyForDeploymentPostprocessing = 0;
		};
/* End PBXSourcesBuildPhase section */

/* Begin PBXVariantGroup section */
		BEF630142B569EF20079E6C2 /* LaunchScreen.storyboard */ = {
			isa = PBXVariantGroup;
			children = (
				BEF630152B569EF20079E6C2 /* Base */,
			);
			name = LaunchScreen.storyboard;
			sourceTree = "<group>";
		};
/* End PBXVariantGroup section */

/* Begin XCBuildConfiguration section */
		BEF630182B569EF20079E6C2 /* Debug */ = {
			isa = XCBuildConfiguration;
			buildSettings = {
				ALWAYS_SEARCH_USER_PATHS = NO;
				ASSETCATALOG_COMPILER_GENERATE_SWIFT_ASSET_SYMBOL_EXTENSIONS = YES;
				CLANG_ANALYZER_NONNULL = YES;
				CLANG_ANALYZER_NUMBER_OBJECT_CONVERSION = YES_AGGRESSIVE;
				CLANG_CXX_LANGUAGE_STANDARD = "gnu++20";
				CLANG_ENABLE_MODULES = YES;
				CLANG_ENABLE_OBJC_ARC = YES;
				CLANG_ENABLE_OBJC_WEAK = YES;
				CLANG_WARN_BLOCK_CAPTURE_AUTORELEASING = YES;
				CLANG_WARN_BOOL_CONVERSION = YES;
				CLANG_WARN_COMMA = YES;
				CLANG_WARN_CONSTANT_CONVERSION = YES;
				CLANG_WARN_DEPRECATED_OBJC_IMPLEMENTATIONS = YES;
				CLANG_WARN_DIRECT_OBJC_ISA_USAGE = YES_ERROR;
				CLANG_WARN_DOCUMENTATION_COMMENTS = YES;
				CLANG_WARN_EMPTY_BODY = YES;
				CLANG_WARN_ENUM_CONVERSION = YES;
				CLANG_WARN_INFINITE_RECURSION = YES;
				CLANG_WARN_INT_CONVERSION = YES;
				CLANG_WARN_NON_LITERAL_NULL_CONVERSION = YES;
				CLANG_WARN_OBJC_IMPLICIT_RETAIN_SELF = YES;
				CLANG_WARN_OBJC_LITERAL_CONVERSION = YES;
				CLANG_WARN_OBJC_ROOT_CLASS = YES_ERROR;
				CLANG_WARN_QUOTED_INCLUDE_IN_FRAMEWORK_HEADER = YES;
				CLANG_WARN_RANGE_LOOP_ANALYSIS = YES;
				CLANG_WARN_STRICT_PROTOTYPES = YES;
				CLANG_WARN_SUSPICIOUS_MOVE = YES;
				CLANG_WARN_UNGUARDED_AVAILABILITY = YES_AGGRESSIVE;
				CLANG_WARN_UNREACHABLE_CODE = YES;
				CLANG_WARN__DUPLICATE_METHOD_MATCH = YES;
				COPY_PHASE_STRIP = NO;
				DEBUG_INFORMATION_FORMAT = dwarf;
				ENABLE_STRICT_OBJC_MSGSEND = YES;
				ENABLE_TESTABILITY = YES;
				ENABLE_USER_SCRIPT_SANDBOXING = YES;
				GCC_C_LANGUAGE_STANDARD = gnu17;
				GCC_DYNAMIC_NO_PIC = NO;
				GCC_NO_COMMON_BLOCKS = YES;
				GCC_OPTIMIZATION_LEVEL = 0;
				GCC_PREPROCESSOR_DEFINITIONS = (
					"DEBUG=1",
					"$(inherited)",
				);
				GCC_WARN_64_TO_32_BIT_CONVERSION = YES;
				GCC_WARN_ABOUT_RETURN_TYPE = YES_ERROR;
				GCC_WARN_UNDECLARED_SELECTOR = YES;
				GCC_WARN_UNINITIALIZED_AUTOS = YES_AGGRESSIVE;
				GCC_WARN_UNUSED_FUNCTION = YES;
				GCC_WARN_UNUSED_VARIABLE = YES;
				IPHONEOS_DEPLOYMENT_TARGET = 17.2;
				LOCALIZATION_PREFERS_STRING_CATALOGS = YES;
				MTL_ENABLE_DEBUG_INFO = INCLUDE_SOURCE;
				MTL_FAST_MATH = YES;
				ONLY_ACTIVE_ARCH = YES;
				SDKROOT = iphoneos;
				SWIFT_ACTIVE_COMPILATION_CONDITIONS = "DEBUG $(inherited)";
				SWIFT_OPTIMIZATION_LEVEL = "-Onone";
			};
			name = Debug;
		};
		BEF630192B569EF20079E6C2 /* Release */ = {
			isa = XCBuildConfiguration;
			buildSettings = {
				ALWAYS_SEARCH_USER_PATHS = NO;
				ASSETCATALOG_COMPILER_GENERATE_SWIFT_ASSET_SYMBOL_EXTENSIONS = YES;
				CLANG_ANALYZER_NONNULL = YES;
				CLANG_ANALYZER_NUMBER_OBJECT_CONVERSION = YES_AGGRESSIVE;
				CLANG_CXX_LANGUAGE_STANDARD = "gnu++20";
				CLANG_ENABLE_MODULES = YES;
				CLANG_ENABLE_OBJC_ARC = YES;
				CLANG_ENABLE_OBJC_WEAK = YES;
				CLANG_WARN_BLOCK_CAPTURE_AUTORELEASING = YES;
				CLANG_WARN_BOOL_CONVERSION = YES;
				CLANG_WARN_COMMA = YES;
				CLANG_WARN_CONSTANT_CONVERSION = YES;
				CLANG_WARN_DEPRECATED_OBJC_IMPLEMENTATIONS = YES;
				CLANG_WARN_DIRECT_OBJC_ISA_USAGE = YES_ERROR;
				CLANG_WARN_DOCUMENTATION_COMMENTS = YES;
				CLANG_WARN_EMPTY_BODY = YES;
				CLANG_WARN_ENUM_CONVERSION = YES;
				CLANG_WARN_INFINITE_RECURSION = YES;
				CLANG_WARN_INT_CONVERSION = YES;
				CLANG_WARN_NON_LITERAL_NULL_CONVERSION = YES;
				CLANG_WARN_OBJC_IMPLICIT_RETAIN_SELF = YES;
				CLANG_WARN_OBJC_LITERAL_CONVERSION = YES;
				CLANG_WARN_OBJC_ROOT_CLASS = YES_ERROR;
				CLANG_WARN_QUOTED_INCLUDE_IN_FRAMEWORK_HEADER = YES;
				CLANG_WARN_RANGE_LOOP_ANALYSIS = YES;
				CLANG_WARN_STRICT_PROTOTYPES = YES;
				CLANG_WARN_SUSPICIOUS_MOVE = YES;
				CLANG_WARN_UNGUARDED_AVAILABILITY = YES_AGGRESSIVE;
				CLANG_WARN_UNREACHABLE_CODE = YES;
				CLANG_WARN__DUPLICATE_METHOD_MATCH = YES;
				COPY_PHASE_STRIP = NO;
				DEBUG_INFORMATION_FORMAT = "dwarf-with-dsym";
				ENABLE_NS_ASSERTIONS = NO;
				ENABLE_STRICT_OBJC_MSGSEND = YES;
				ENABLE_USER_SCRIPT_SANDBOXING = YES;
				GCC_C_LANGUAGE_STANDARD = gnu17;
				GCC_NO_COMMON_BLOCKS = YES;
				GCC_WARN_64_TO_32_BIT_CONVERSION = YES;
				GCC_WARN_ABOUT_RETURN_TYPE = YES_ERROR;
				GCC_WARN_UNDECLARED_SELECTOR = YES;
				GCC_WARN_UNINITIALIZED_AUTOS = YES_AGGRESSIVE;
				GCC_WARN_UNUSED_FUNCTION = YES;
				GCC_WARN_UNUSED_VARIABLE = YES;
				IPHONEOS_DEPLOYMENT_TARGET = 17.2;
				LOCALIZATION_PREFERS_STRING_CATALOGS = YES;
				MTL_ENABLE_DEBUG_INFO = NO;
				MTL_FAST_MATH = YES;
				SDKROOT = iphoneos;
				SWIFT_COMPILATION_MODE = wholemodule;
				VALIDATE_PRODUCT = YES;
			};
			name = Release;
		};
		BEF6301B2B569EF20079E6C2 /* Debug */ = {
			isa = XCBuildConfiguration;
			buildSettings = {
				ASSETCATALOG_COMPILER_APPICON_NAME = AppIcon;
				ASSETCATALOG_COMPILER_GLOBAL_ACCENT_COLOR_NAME = AccentColor;
				CODE_SIGN_STYLE = Automatic;
				CURRENT_PROJECT_VERSION = 1;
				DEVELOPMENT_TEAM = 4Y2567YJY8;
				GENERATE_INFOPLIST_FILE = YES;
				INFOPLIST_FILE = ExCoordinator/App/Info.plist;
				INFOPLIST_KEY_UIApplicationSupportsIndirectInputEvents = YES;
				INFOPLIST_KEY_UILaunchStoryboardName = LaunchScreen;
				INFOPLIST_KEY_UISupportedInterfaceOrientations_iPad = "UIInterfaceOrientationPortrait UIInterfaceOrientationPortraitUpsideDown UIInterfaceOrientationLandscapeLeft UIInterfaceOrientationLandscapeRight";
				INFOPLIST_KEY_UISupportedInterfaceOrientations_iPhone = "UIInterfaceOrientationPortrait UIInterfaceOrientationLandscapeLeft UIInterfaceOrientationLandscapeRight";
				LD_RUNPATH_SEARCH_PATHS = (
					"$(inherited)",
					"@executable_path/Frameworks",
				);
				MARKETING_VERSION = 1.0;
				PRODUCT_BUNDLE_IDENTIFIER = kant.ExCoordinator;
				PRODUCT_NAME = "$(TARGET_NAME)";
				SWIFT_EMIT_LOC_STRINGS = YES;
				SWIFT_VERSION = 5.0;
				TARGETED_DEVICE_FAMILY = "1,2";
			};
			name = Debug;
		};
		BEF6301C2B569EF20079E6C2 /* Release */ = {
			isa = XCBuildConfiguration;
			buildSettings = {
				ASSETCATALOG_COMPILER_APPICON_NAME = AppIcon;
				ASSETCATALOG_COMPILER_GLOBAL_ACCENT_COLOR_NAME = AccentColor;
				CODE_SIGN_STYLE = Automatic;
				CURRENT_PROJECT_VERSION = 1;
				DEVELOPMENT_TEAM = 4Y2567YJY8;
				GENERATE_INFOPLIST_FILE = YES;
				INFOPLIST_FILE = ExCoordinator/App/Info.plist;
				INFOPLIST_KEY_UIApplicationSupportsIndirectInputEvents = YES;
				INFOPLIST_KEY_UILaunchStoryboardName = LaunchScreen;
				INFOPLIST_KEY_UISupportedInterfaceOrientations_iPad = "UIInterfaceOrientationPortrait UIInterfaceOrientationPortraitUpsideDown UIInterfaceOrientationLandscapeLeft UIInterfaceOrientationLandscapeRight";
				INFOPLIST_KEY_UISupportedInterfaceOrientations_iPhone = "UIInterfaceOrientationPortrait UIInterfaceOrientationLandscapeLeft UIInterfaceOrientationLandscapeRight";
				LD_RUNPATH_SEARCH_PATHS = (
					"$(inherited)",
					"@executable_path/Frameworks",
				);
				MARKETING_VERSION = 1.0;
				PRODUCT_BUNDLE_IDENTIFIER = kant.ExCoordinator;
				PRODUCT_NAME = "$(TARGET_NAME)";
				SWIFT_EMIT_LOC_STRINGS = YES;
				SWIFT_VERSION = 5.0;
				TARGETED_DEVICE_FAMILY = "1,2";
			};
			name = Release;
		};
/* End XCBuildConfiguration section */

/* Begin XCConfigurationList section */
		BEF630012B569EF00079E6C2 /* Build configuration list for PBXProject "ExCoordinator" */ = {
			isa = XCConfigurationList;
			buildConfigurations = (
				BEF630182B569EF20079E6C2 /* Debug */,
				BEF630192B569EF20079E6C2 /* Release */,
			);
			defaultConfigurationIsVisible = 0;
			defaultConfigurationName = Release;
		};
		BEF6301A2B569EF20079E6C2 /* Build configuration list for PBXNativeTarget "ExCoordinator" */ = {
			isa = XCConfigurationList;
			buildConfigurations = (
				BEF6301B2B569EF20079E6C2 /* Debug */,
				BEF6301C2B569EF20079E6C2 /* Release */,
			);
			defaultConfigurationIsVisible = 0;
			defaultConfigurationName = Release;
		};
/* End XCConfigurationList section */
	};
	rootObject = BEF62FFE2B569EF00079E6C2 /* Project object */;
}
