// !$*UTF8*$!
{
	archiveVersion = 1;
	classes = {
	};
	objectVersion = 51;
	objects = {

/* Begin PBXBuildFile section */
		E4BD3068BAB03848BAEC5B84 /* Pods_WeatherApp.framework in Frameworks */ = {isa = PBXBuildFile; fileRef = 7D6AC9B9A7D5A741AD751B89 /* Pods_WeatherApp.framework */; };
		FAA3488824CBE0250076851C /* AppDelegate.swift in Sources */ = {isa = PBXBuildFile; fileRef = FAA3488724CBE0250076851C /* AppDelegate.swift */; };
		FAA3488A24CBE0250076851C /* SceneDelegate.swift in Sources */ = {isa = PBXBuildFile; fileRef = FAA3488924CBE0250076851C /* SceneDelegate.swift */; };
		FAA3488C24CBE0260076851C /* ViewController.swift in Sources */ = {isa = PBXBuildFile; fileRef = FAA3488B24CBE0260076851C /* ViewController.swift */; };
		FAA3488F24CBE0260076851C /* Main.storyboard in Resources */ = {isa = PBXBuildFile; fileRef = FAA3488D24CBE0260076851C /* Main.storyboard */; };
		FAA3489124CBE0280076851C /* Assets.xcassets in Resources */ = {isa = PBXBuildFile; fileRef = FAA3489024CBE0280076851C /* Assets.xcassets */; };
		FAA3489424CBE0280076851C /* LaunchScreen.storyboard in Resources */ = {isa = PBXBuildFile; fileRef = FAA3489224CBE0280076851C /* LaunchScreen.storyboard */; };
		FAA3489C24CC07930076851C /* CommonDefine.swift in Sources */ = {isa = PBXBuildFile; fileRef = FAA3489B24CC07930076851C /* CommonDefine.swift */; };
		FAA3489E24CD134F0076851C /* MyCell.swift in Sources */ = {isa = PBXBuildFile; fileRef = FAA3489D24CD134F0076851C /* MyCell.swift */; };
		FAA348A024CD13CC0076851C /* MyCell.xib in Resources */ = {isa = PBXBuildFile; fileRef = FAA3489F24CD13CC0076851C /* MyCell.xib */; };
		FAA348A224CD2B960076851C /* ApiManager.swift in Sources */ = {isa = PBXBuildFile; fileRef = FAA348A124CD2B960076851C /* ApiManager.swift */; };
		FAA348A424CD665C0076851C /* cityList.json in Resources */ = {isa = PBXBuildFile; fileRef = FAA348A324CD665C0076851C /* cityList.json */; };
		FAA348A624CD682A0076851C /* InfoViewController.swift in Sources */ = {isa = PBXBuildFile; fileRef = FAA348A524CD682A0076851C /* InfoViewController.swift */; };
		FAA348A824CD84940076851C /* InfoViewController.xib in Resources */ = {isa = PBXBuildFile; fileRef = FAA348A724CD84940076851C /* InfoViewController.xib */; };
/* End PBXBuildFile section */

/* Begin PBXFileReference section */
		46E8D019D26B258E78DEF269 /* Pods-WeatherApp.debug.xcconfig */ = {isa = PBXFileReference; includeInIndex = 1; lastKnownFileType = text.xcconfig; name = "Pods-WeatherApp.debug.xcconfig"; path = "Target Support Files/Pods-WeatherApp/Pods-WeatherApp.debug.xcconfig"; sourceTree = "<group>"; };
		575DECE8C57F2F2F16798027 /* Pods-WeatherApp.release.xcconfig */ = {isa = PBXFileReference; includeInIndex = 1; lastKnownFileType = text.xcconfig; name = "Pods-WeatherApp.release.xcconfig"; path = "Target Support Files/Pods-WeatherApp/Pods-WeatherApp.release.xcconfig"; sourceTree = "<group>"; };
		7D6AC9B9A7D5A741AD751B89 /* Pods_WeatherApp.framework */ = {isa = PBXFileReference; explicitFileType = wrapper.framework; includeInIndex = 0; path = Pods_WeatherApp.framework; sourceTree = BUILT_PRODUCTS_DIR; };
		FAA3488424CBE0250076851C /* WeatherApp.app */ = {isa = PBXFileReference; explicitFileType = wrapper.application; includeInIndex = 0; path = WeatherApp.app; sourceTree = BUILT_PRODUCTS_DIR; };
		FAA3488724CBE0250076851C /* AppDelegate.swift */ = {isa = PBXFileReference; lastKnownFileType = sourcecode.swift; path = AppDelegate.swift; sourceTree = "<group>"; };
		FAA3488924CBE0250076851C /* SceneDelegate.swift */ = {isa = PBXFileReference; lastKnownFileType = sourcecode.swift; path = SceneDelegate.swift; sourceTree = "<group>"; };
		FAA3488B24CBE0260076851C /* ViewController.swift */ = {isa = PBXFileReference; lastKnownFileType = sourcecode.swift; path = ViewController.swift; sourceTree = "<group>"; };
		FAA3488E24CBE0260076851C /* Base */ = {isa = PBXFileReference; lastKnownFileType = file.storyboard; name = Base; path = Base.lproj/Main.storyboard; sourceTree = "<group>"; };
		FAA3489024CBE0280076851C /* Assets.xcassets */ = {isa = PBXFileReference; lastKnownFileType = folder.assetcatalog; path = Assets.xcassets; sourceTree = "<group>"; };
		FAA3489324CBE0280076851C /* Base */ = {isa = PBXFileReference; lastKnownFileType = file.storyboard; name = Base; path = Base.lproj/LaunchScreen.storyboard; sourceTree = "<group>"; };
		FAA3489524CBE0280076851C /* Info.plist */ = {isa = PBXFileReference; lastKnownFileType = text.plist.xml; path = Info.plist; sourceTree = "<group>"; };
		FAA3489B24CC07930076851C /* CommonDefine.swift */ = {isa = PBXFileReference; lastKnownFileType = sourcecode.swift; path = CommonDefine.swift; sourceTree = "<group>"; };
		FAA3489D24CD134F0076851C /* MyCell.swift */ = {isa = PBXFileReference; lastKnownFileType = sourcecode.swift; path = MyCell.swift; sourceTree = "<group>"; };
		FAA3489F24CD13CC0076851C /* MyCell.xib */ = {isa = PBXFileReference; lastKnownFileType = file.xib; path = MyCell.xib; sourceTree = "<group>"; };
		FAA348A124CD2B960076851C /* ApiManager.swift */ = {isa = PBXFileReference; lastKnownFileType = sourcecode.swift; path = ApiManager.swift; sourceTree = "<group>"; };
		FAA348A324CD665C0076851C /* cityList.json */ = {isa = PBXFileReference; fileEncoding = 4; lastKnownFileType = text.json; name = cityList.json; path = "../../../../../../../Documents/sat_class/NoOpenSourceSampleApp-master/ExampleApp/ExampleApp/cityList.json"; sourceTree = "<group>"; };
		FAA348A524CD682A0076851C /* InfoViewController.swift */ = {isa = PBXFileReference; lastKnownFileType = sourcecode.swift; path = InfoViewController.swift; sourceTree = "<group>"; };
		FAA348A724CD84940076851C /* InfoViewController.xib */ = {isa = PBXFileReference; lastKnownFileType = file.xib; path = InfoViewController.xib; sourceTree = "<group>"; };
/* End PBXFileReference section */

/* Begin PBXFrameworksBuildPhase section */
		FAA3488124CBE0250076851C /* Frameworks */ = {
			isa = PBXFrameworksBuildPhase;
			buildActionMask = 2147483647;
			files = (
				E4BD3068BAB03848BAEC5B84 /* Pods_WeatherApp.framework in Frameworks */,
			);
			runOnlyForDeploymentPostprocessing = 0;
		};
/* End PBXFrameworksBuildPhase section */

/* Begin PBXGroup section */
		895143F2B55BF57ACF5EB82D /* Frameworks */ = {
			isa = PBXGroup;
			children = (
				7D6AC9B9A7D5A741AD751B89 /* Pods_WeatherApp.framework */,
			);
			name = Frameworks;
			sourceTree = "<group>";
		};
		A1FB22F24C75D6B3503A2775 /* Pods */ = {
			isa = PBXGroup;
			children = (
				46E8D019D26B258E78DEF269 /* Pods-WeatherApp.debug.xcconfig */,
				575DECE8C57F2F2F16798027 /* Pods-WeatherApp.release.xcconfig */,
			);
			path = Pods;
			sourceTree = "<group>";
		};
		FAA3487B24CBE0250076851C = {
			isa = PBXGroup;
			children = (
				FAA3488624CBE0250076851C /* WeatherApp */,
				FAA3488524CBE0250076851C /* Products */,
				A1FB22F24C75D6B3503A2775 /* Pods */,
				895143F2B55BF57ACF5EB82D /* Frameworks */,
			);
			sourceTree = "<group>";
		};
		FAA3488524CBE0250076851C /* Products */ = {
			isa = PBXGroup;
			children = (
				FAA3488424CBE0250076851C /* WeatherApp.app */,
			);
			name = Products;
			sourceTree = "<group>";
		};
		FAA3488624CBE0250076851C /* WeatherApp */ = {
			isa = PBXGroup;
			children = (
				FAA348A324CD665C0076851C /* cityList.json */,
				FAA3488724CBE0250076851C /* AppDelegate.swift */,
				FAA3488924CBE0250076851C /* SceneDelegate.swift */,
				FAA3488B24CBE0260076851C /* ViewController.swift */,
				FAA3488D24CBE0260076851C /* Main.storyboard */,
				FAA3489024CBE0280076851C /* Assets.xcassets */,
				FAA3489B24CC07930076851C /* CommonDefine.swift */,
				FAA3489224CBE0280076851C /* LaunchScreen.storyboard */,
				FAA3489524CBE0280076851C /* Info.plist */,
				FAA3489D24CD134F0076851C /* MyCell.swift */,
				FAA3489F24CD13CC0076851C /* MyCell.xib */,
				FAA348A124CD2B960076851C /* ApiManager.swift */,
				FAA348A524CD682A0076851C /* InfoViewController.swift */,
				FAA348A724CD84940076851C /* InfoViewController.xib */,
			);
			path = WeatherApp;
			sourceTree = "<group>";
		};
/* End PBXGroup section */

/* Begin PBXNativeTarget section */
		FAA3488324CBE0250076851C /* WeatherApp */ = {
			isa = PBXNativeTarget;
			buildConfigurationList = FAA3489824CBE0280076851C /* Build configuration list for PBXNativeTarget "WeatherApp" */;
			buildPhases = (
				F94EA151313636EA5DA09FB0 /* [CP] Check Pods Manifest.lock */,
				FAA3488024CBE0250076851C /* Sources */,
				FAA3488124CBE0250076851C /* Frameworks */,
				FAA3488224CBE0250076851C /* Resources */,
				7A0284311D5CF7B4B4B5B6BF /* [CP] Embed Pods Frameworks */,
				18CFD1813DD266CC0786754D /* [CP] Copy Pods Resources */,
			);
			buildRules = (
			);
			dependencies = (
			);
			name = WeatherApp;
			productName = WeatherApp;
			productReference = FAA3488424CBE0250076851C /* WeatherApp.app */;
			productType = "com.apple.product-type.application";
		};
/* End PBXNativeTarget section */

/* Begin PBXProject section */
		FAA3487C24CBE0250076851C /* Project object */ = {
			isa = PBXProject;
			attributes = {
				LastSwiftUpdateCheck = 1160;
				LastUpgradeCheck = 1160;
				ORGANIZATIONNAME = sapere4ude;
				TargetAttributes = {
					FAA3488324CBE0250076851C = {
						CreatedOnToolsVersion = 11.6;
					};
				};
			};
			buildConfigurationList = FAA3487F24CBE0250076851C /* Build configuration list for PBXProject "WeatherApp" */;
			compatibilityVersion = "Xcode 9.3";
			developmentRegion = en;
			hasScannedForEncodings = 0;
			knownRegions = (
				en,
				Base,
			);
			mainGroup = FAA3487B24CBE0250076851C;
			productRefGroup = FAA3488524CBE0250076851C /* Products */;
			projectDirPath = "";
			projectRoot = "";
			targets = (
				FAA3488324CBE0250076851C /* WeatherApp */,
			);
		};
/* End PBXProject section */

/* Begin PBXResourcesBuildPhase section */
		FAA3488224CBE0250076851C /* Resources */ = {
			isa = PBXResourcesBuildPhase;
			buildActionMask = 2147483647;
			files = (
				FAA3489424CBE0280076851C /* LaunchScreen.storyboard in Resources */,
				FAA348A424CD665C0076851C /* cityList.json in Resources */,
				FAA348A024CD13CC0076851C /* MyCell.xib in Resources */,
				FAA3489124CBE0280076851C /* Assets.xcassets in Resources */,
				FAA348A824CD84940076851C /* InfoViewController.xib in Resources */,
				FAA3488F24CBE0260076851C /* Main.storyboard in Resources */,
			);
			runOnlyForDeploymentPostprocessing = 0;
		};
/* End PBXResourcesBuildPhase section */

/* Begin PBXShellScriptBuildPhase section */
		18CFD1813DD266CC0786754D /* [CP] Copy Pods Resources */ = {
			isa = PBXShellScriptBuildPhase;
			buildActionMask = 2147483647;
			files = (
			);
			inputFileListPaths = (
				"${PODS_ROOT}/Target Support Files/Pods-WeatherApp/Pods-WeatherApp-resources-${CONFIGURATION}-input-files.xcfilelist",
			);
			name = "[CP] Copy Pods Resources";
			outputFileListPaths = (
				"${PODS_ROOT}/Target Support Files/Pods-WeatherApp/Pods-WeatherApp-resources-${CONFIGURATION}-output-files.xcfilelist",
			);
			runOnlyForDeploymentPostprocessing = 0;
			shellPath = /bin/sh;
			shellScript = "\"${PODS_ROOT}/Target Support Files/Pods-WeatherApp/Pods-WeatherApp-resources.sh\"\n";
			showEnvVarsInLog = 0;
		};
		7A0284311D5CF7B4B4B5B6BF /* [CP] Embed Pods Frameworks */ = {
			isa = PBXShellScriptBuildPhase;
			buildActionMask = 2147483647;
			files = (
			);
			inputFileListPaths = (
				"${PODS_ROOT}/Target Support Files/Pods-WeatherApp/Pods-WeatherApp-frameworks-${CONFIGURATION}-input-files.xcfilelist",
			);
			name = "[CP] Embed Pods Frameworks";
			outputFileListPaths = (
				"${PODS_ROOT}/Target Support Files/Pods-WeatherApp/Pods-WeatherApp-frameworks-${CONFIGURATION}-output-files.xcfilelist",
			);
			runOnlyForDeploymentPostprocessing = 0;
			shellPath = /bin/sh;
			shellScript = "\"${PODS_ROOT}/Target Support Files/Pods-WeatherApp/Pods-WeatherApp-frameworks.sh\"\n";
			showEnvVarsInLog = 0;
		};
		F94EA151313636EA5DA09FB0 /* [CP] Check Pods Manifest.lock */ = {
			isa = PBXShellScriptBuildPhase;
			buildActionMask = 2147483647;
			files = (
			);
			inputFileListPaths = (
			);
			inputPaths = (
				"${PODS_PODFILE_DIR_PATH}/Podfile.lock",
				"${PODS_ROOT}/Manifest.lock",
			);
			name = "[CP] Check Pods Manifest.lock";
			outputFileListPaths = (
			);
			outputPaths = (
				"$(DERIVED_FILE_DIR)/Pods-WeatherApp-checkManifestLockResult.txt",
			);
			runOnlyForDeploymentPostprocessing = 0;
			shellPath = /bin/sh;
			shellScript = "diff \"${PODS_PODFILE_DIR_PATH}/Podfile.lock\" \"${PODS_ROOT}/Manifest.lock\" > /dev/null\nif [ $? != 0 ] ; then\n    # print error to STDERR\n    echo \"error: The sandbox is not in sync with the Podfile.lock. Run 'pod install' or update your CocoaPods installation.\" >&2\n    exit 1\nfi\n# This output is used by Xcode 'outputs' to avoid re-running this script phase.\necho \"SUCCESS\" > \"${SCRIPT_OUTPUT_FILE_0}\"\n";
			showEnvVarsInLog = 0;
		};
/* End PBXShellScriptBuildPhase section */

/* Begin PBXSourcesBuildPhase section */
		FAA3488024CBE0250076851C /* Sources */ = {
			isa = PBXSourcesBuildPhase;
			buildActionMask = 2147483647;
			files = (
				FAA3488C24CBE0260076851C /* ViewController.swift in Sources */,
				FAA3489E24CD134F0076851C /* MyCell.swift in Sources */,
				FAA3489C24CC07930076851C /* CommonDefine.swift in Sources */,
				FAA348A624CD682A0076851C /* InfoViewController.swift in Sources */,
				FAA3488824CBE0250076851C /* AppDelegate.swift in Sources */,
				FAA348A224CD2B960076851C /* ApiManager.swift in Sources */,
				FAA3488A24CBE0250076851C /* SceneDelegate.swift in Sources */,
			);
			runOnlyForDeploymentPostprocessing = 0;
		};
/* End PBXSourcesBuildPhase section */

/* Begin PBXVariantGroup section */
		FAA3488D24CBE0260076851C /* Main.storyboard */ = {
			isa = PBXVariantGroup;
			children = (
				FAA3488E24CBE0260076851C /* Base */,
			);
			name = Main.storyboard;
			sourceTree = "<group>";
		};
		FAA3489224CBE0280076851C /* LaunchScreen.storyboard */ = {
			isa = PBXVariantGroup;
			children = (
				FAA3489324CBE0280076851C /* Base */,
			);
			name = LaunchScreen.storyboard;
			sourceTree = "<group>";
		};
/* End PBXVariantGroup section */

/* Begin XCBuildConfiguration section */
		FAA3489624CBE0280076851C /* Debug */ = {
			isa = XCBuildConfiguration;
			buildSettings = {
				ALWAYS_SEARCH_USER_PATHS = NO;
				CLANG_ANALYZER_NONNULL = YES;
				CLANG_ANALYZER_NUMBER_OBJECT_CONVERSION = YES_AGGRESSIVE;
				CLANG_CXX_LANGUAGE_STANDARD = "gnu++14";
				CLANG_CXX_LIBRARY = "libc++";
				CLANG_ENABLE_MODULES = YES;
				CLANG_ENABLE_OBJC_ARC = YES;
				CLANG_ENABLE_OBJC_WEAK = YES;
				CLANG_WARN_BLOCK_CAPTURE_AUTORELEASING = YES;
				CLANG_WARN_BOOL_CONVERSION = YES;
				CLANG_WARN_COMMA = YES;
				CLANG_WARN_CONSTANT_CONVERSION = YES;
				CLANG_WARN_DEPRECATED_OBJC_IMPLEMENTATIONS = YES;
				CLANG_WARN_DIRECT_OBJC_ISA_USAGE = YES_ERROR;
				CLANG_WARN_DOCUMENTATION_COMMENTS = YES;
				CLANG_WARN_EMPTY_BODY = YES;
				CLANG_WARN_ENUM_CONVERSION = YES;
				CLANG_WARN_INFINITE_RECURSION = YES;
				CLANG_WARN_INT_CONVERSION = YES;
				CLANG_WARN_NON_LITERAL_NULL_CONVERSION = YES;
				CLANG_WARN_OBJC_IMPLICIT_RETAIN_SELF = YES;
				CLANG_WARN_OBJC_LITERAL_CONVERSION = YES;
				CLANG_WARN_OBJC_ROOT_CLASS = YES_ERROR;
				CLANG_WARN_RANGE_LOOP_ANALYSIS = YES;
				CLANG_WARN_STRICT_PROTOTYPES = YES;
				CLANG_WARN_SUSPICIOUS_MOVE = YES;
				CLANG_WARN_UNGUARDED_AVAILABILITY = YES_AGGRESSIVE;
				CLANG_WARN_UNREACHABLE_CODE = YES;
				CLANG_WARN__DUPLICATE_METHOD_MATCH = YES;
				COPY_PHASE_STRIP = NO;
				DEBUG_INFORMATION_FORMAT = dwarf;
				ENABLE_STRICT_OBJC_MSGSEND = YES;
				ENABLE_TESTABILITY = YES;
				GCC_C_LANGUAGE_STANDARD = gnu11;
				GCC_DYNAMIC_NO_PIC = NO;
				GCC_NO_COMMON_BLOCKS = YES;
				GCC_OPTIMIZATION_LEVEL = 0;
				GCC_PREPROCESSOR_DEFINITIONS = (
					"DEBUG=1",
					"$(inherited)",
				);
				GCC_WARN_64_TO_32_BIT_CONVERSION = YES;
				GCC_WARN_ABOUT_RETURN_TYPE = YES_ERROR;
				GCC_WARN_UNDECLARED_SELECTOR = YES;
				GCC_WARN_UNINITIALIZED_AUTOS = YES_AGGRESSIVE;
				GCC_WARN_UNUSED_FUNCTION = YES;
				GCC_WARN_UNUSED_VARIABLE = YES;
				IPHONEOS_DEPLOYMENT_TARGET = 13.6;
				MTL_ENABLE_DEBUG_INFO = INCLUDE_SOURCE;
				MTL_FAST_MATH = YES;
				ONLY_ACTIVE_ARCH = YES;
				SDKROOT = iphoneos;
				SWIFT_ACTIVE_COMPILATION_CONDITIONS = DEBUG;
				SWIFT_OPTIMIZATION_LEVEL = "-Onone";
			};
			name = Debug;
		};
		FAA3489724CBE0280076851C /* Release */ = {
			isa = XCBuildConfiguration;
			buildSettings = {
				ALWAYS_SEARCH_USER_PATHS = NO;
				CLANG_ANALYZER_NONNULL = YES;
				CLANG_ANALYZER_NUMBER_OBJECT_CONVERSION = YES_AGGRESSIVE;
				CLANG_CXX_LANGUAGE_STANDARD = "gnu++14";
				CLANG_CXX_LIBRARY = "libc++";
				CLANG_ENABLE_MODULES = YES;
				CLANG_ENABLE_OBJC_ARC = YES;
				CLANG_ENABLE_OBJC_WEAK = YES;
				CLANG_WARN_BLOCK_CAPTURE_AUTORELEASING = YES;
				CLANG_WARN_BOOL_CONVERSION = YES;
				CLANG_WARN_COMMA = YES;
				CLANG_WARN_CONSTANT_CONVERSION = YES;
				CLANG_WARN_DEPRECATED_OBJC_IMPLEMENTATIONS = YES;
				CLANG_WARN_DIRECT_OBJC_ISA_USAGE = YES_ERROR;
				CLANG_WARN_DOCUMENTATION_COMMENTS = YES;
				CLANG_WARN_EMPTY_BODY = YES;
				CLANG_WARN_ENUM_CONVERSION = YES;
				CLANG_WARN_INFINITE_RECURSION = YES;
				CLANG_WARN_INT_CONVERSION = YES;
				CLANG_WARN_NON_LITERAL_NULL_CONVERSION = YES;
				CLANG_WARN_OBJC_IMPLICIT_RETAIN_SELF = YES;
				CLANG_WARN_OBJC_LITERAL_CONVERSION = YES;
				CLANG_WARN_OBJC_ROOT_CLASS = YES_ERROR;
				CLANG_WARN_RANGE_LOOP_ANALYSIS = YES;
				CLANG_WARN_STRICT_PROTOTYPES = YES;
				CLANG_WARN_SUSPICIOUS_MOVE = YES;
				CLANG_WARN_UNGUARDED_AVAILABILITY = YES_AGGRESSIVE;
				CLANG_WARN_UNREACHABLE_CODE = YES;
				CLANG_WARN__DUPLICATE_METHOD_MATCH = YES;
				COPY_PHASE_STRIP = NO;
				DEBUG_INFORMATION_FORMAT = "dwarf-with-dsym";
				ENABLE_NS_ASSERTIONS = NO;
				ENABLE_STRICT_OBJC_MSGSEND = YES;
				GCC_C_LANGUAGE_STANDARD = gnu11;
				GCC_NO_COMMON_BLOCKS = YES;
				GCC_WARN_64_TO_32_BIT_CONVERSION = YES;
				GCC_WARN_ABOUT_RETURN_TYPE = YES_ERROR;
				GCC_WARN_UNDECLARED_SELECTOR = YES;
				GCC_WARN_UNINITIALIZED_AUTOS = YES_AGGRESSIVE;
				GCC_WARN_UNUSED_FUNCTION = YES;
				GCC_WARN_UNUSED_VARIABLE = YES;
				IPHONEOS_DEPLOYMENT_TARGET = 13.6;
				MTL_ENABLE_DEBUG_INFO = NO;
				MTL_FAST_MATH = YES;
				SDKROOT = iphoneos;
				SWIFT_COMPILATION_MODE = wholemodule;
				SWIFT_OPTIMIZATION_LEVEL = "-O";
				VALIDATE_PRODUCT = YES;
			};
			name = Release;
		};
		FAA3489924CBE0280076851C /* Debug */ = {
			isa = XCBuildConfiguration;
			baseConfigurationReference = 46E8D019D26B258E78DEF269 /* Pods-WeatherApp.debug.xcconfig */;
			buildSettings = {
				ASSETCATALOG_COMPILER_APPICON_NAME = AppIcon;
				CODE_SIGN_STYLE = Automatic;
				INFOPLIST_FILE = WeatherApp/Info.plist;
				LD_RUNPATH_SEARCH_PATHS = (
					"$(inherited)",
					"@executable_path/Frameworks",
				);
				PRODUCT_BUNDLE_IDENTIFIER = sapere4ude.WeatherApp;
				PRODUCT_NAME = "$(TARGET_NAME)";
				SWIFT_VERSION = 5.0;
				TARGETED_DEVICE_FAMILY = "1,2";
			};
			name = Debug;
		};
		FAA3489A24CBE0280076851C /* Release */ = {
			isa = XCBuildConfiguration;
			baseConfigurationReference = 575DECE8C57F2F2F16798027 /* Pods-WeatherApp.release.xcconfig */;
			buildSettings = {
				ASSETCATALOG_COMPILER_APPICON_NAME = AppIcon;
				CODE_SIGN_STYLE = Automatic;
				INFOPLIST_FILE = WeatherApp/Info.plist;
				LD_RUNPATH_SEARCH_PATHS = (
					"$(inherited)",
					"@executable_path/Frameworks",
				);
				PRODUCT_BUNDLE_IDENTIFIER = sapere4ude.WeatherApp;
				PRODUCT_NAME = "$(TARGET_NAME)";
				SWIFT_VERSION = 5.0;
				TARGETED_DEVICE_FAMILY = "1,2";
			};
			name = Release;
		};
/* End XCBuildConfiguration section */

/* Begin XCConfigurationList section */
		FAA3487F24CBE0250076851C /* Build configuration list for PBXProject "WeatherApp" */ = {
			isa = XCConfigurationList;
			buildConfigurations = (
				FAA3489624CBE0280076851C /* Debug */,
				FAA3489724CBE0280076851C /* Release */,
			);
			defaultConfigurationIsVisible = 0;
			defaultConfigurationName = Release;
		};
		FAA3489824CBE0280076851C /* Build configuration list for PBXNativeTarget "WeatherApp" */ = {
			isa = XCConfigurationList;
			buildConfigurations = (
				FAA3489924CBE0280076851C /* Debug */,
				FAA3489A24CBE0280076851C /* Release */,
			);
			defaultConfigurationIsVisible = 0;
			defaultConfigurationName = Release;
		};
/* End XCConfigurationList section */
	};
	rootObject = FAA3487C24CBE0250076851C /* Project object */;
}
